PODS:
  - AFNetworking (3.1.0):
    - AFNetworking/NSURLSession (= 3.1.0)
    - AFNetworking/Reachability (= 3.1.0)
    - AFNetworking/Security (= 3.1.0)
    - AFNetworking/Serialization (= 3.1.0)
    - AFNetworking/UIKit (= 3.1.0)
  - AFNetworking/NSURLSession (3.1.0):
    - AFNetworking/Reachability
    - AFNetworking/Security
    - AFNetworking/Serialization
  - AFNetworking/Reachability (3.1.0)
  - AFNetworking/Security (3.1.0)
  - AFNetworking/Serialization (3.1.0)
  - AFNetworking/UIKit (3.1.0):
    - AFNetworking/NSURLSession
  - FMDB (2.6.2):
    - FMDB/standard (= 2.6.2)
  - FMDB/standard (2.6.2)
  - JTCalendar (2.1.9)
  - Masonry (1.0.2)
  - MJRefresh (3.1.12)
  - PYSearch (0.3.9)
  - SDAutoLayout (2.1.7)
  - SDWebImage (3.8.2):
    - SDWebImage/Core (= 3.8.2)
  - SDWebImage/Core (3.8.2)
  - UITableView+FDTemplateLayoutCell (1.4)
  - UMengAnalytics (4.1.4)
  - VTMagic (1.2.4):
    - VTMagic/Core (= 1.2.4)
  - VTMagic/Core (1.2.4)
  - XRCarouselView (2.5.6)

DEPENDENCIES:
  - AFNetworking
  - FMDB
  - JTCalendar
  - Masonry
  - MJRefresh
  - PYSearch
  - SDAutoLayout
  - SDWebImage
  - UITableView+FDTemplateLayoutCell
  - UMengAnalytics
  - VTMagic
  - XRCarouselView

SPEC CHECKSUMS:
  AFNetworking: 5e0e199f73d8626b11e79750991f5d173d1f8b67
  FMDB: 854a0341b4726e53276f2a8996f06f1b80f9259a
  JTCalendar: beb2f4c1b639bf6880f680b4858227acf83a049c
  Masonry: 7c429b56da9d4ee0bbb3ed77a5ea710d6a5df39e
  MJRefresh: b96cdb21c4aa75a7b07654311ab2f315c497e806
  PYSearch: 80b44704e9459f206b5e56b23579de17a6df4fd1
  SDAutoLayout: e9b36d04b8c0b504762a04d76fbbe5108944297a
  SDWebImage: 098e97e6176540799c27e804c96653ee0833d13c
  UITableView+FDTemplateLayoutCell: 234e1582bcc4e18461af91155123bb96538ed030
  UMengAnalytics: 0bde5737767dfc18afb03a4cd6ba9d57bb2ad10d
  VTMagic: b49e5f456dbcbfd9a3588ba92417233a105bc193
  XRCarouselView: 52529f924d26ee4787f9bd958150800b73e60922

PODFILE CHECKSUM: c44021cf1d8a5bead6e9b0ac2d1c4a1d101a9835

COCOAPODS: 1.1.0.beta.1
