// !$*UTF8*$!
{
	archiveVersion = 1;
	classes = {
	};
	objectVersion = 46;
	objects = {

/* Begin PBXBuildFile section */
		7D03392D1DDEB4A3001C48A8 /* main.m in Sources */ = {isa = PBXBuildFile; fileRef = 7D03392C1DDEB4A3001C48A8 /* main.m */; };
		7D0339301DDEB4A3001C48A8 /* AppDelegate.m in Sources */ = {isa = PBXBuildFile; fileRef = 7D03392F1DDEB4A3001C48A8 /* AppDelegate.m */; };
		7D0339331DDEB4A3001C48A8 /* ViewController.m in Sources */ = {isa = PBXBuildFile; fileRef = 7D0339321DDEB4A3001C48A8 /* ViewController.m */; };
		7D0339361DDEB4A3001C48A8 /* Main.storyboard in Resources */ = {isa = PBXBuildFile; fileRef = 7D0339341DDEB4A3001C48A8 /* Main.storyboard */; };
		7D0339381DDEB4A3001C48A8 /* Assets.xcassets in Resources */ = {isa = PBXBuildFile; fileRef = 7D0339371DDEB4A3001C48A8 /* Assets.xcassets */; };
		7D03393B1DDEB4A3001C48A8 /* LaunchScreen.storyboard in Resources */ = {isa = PBXBuildFile; fileRef = 7D0339391DDEB4A3001C48A8 /* LaunchScreen.storyboard */; };
		7D0339461DDEB4A3001C48A8 /* ZBNewsTests.m in Sources */ = {isa = PBXBuildFile; fileRef = 7D0339451DDEB4A3001C48A8 /* ZBNewsTests.m */; };
		7D0339511DDEB4A3001C48A8 /* ZBNewsUITests.m in Sources */ = {isa = PBXBuildFile; fileRef = 7D0339501DDEB4A3001C48A8 /* ZBNewsUITests.m */; };
		7D0339611DDEB511001C48A8 /* CustomTabBarController.m in Sources */ = {isa = PBXBuildFile; fileRef = 7D0339601DDEB511001C48A8 /* CustomTabBarController.m */; };
		7D0339671DDEB59B001C48A8 /* BaseViewController.m in Sources */ = {isa = PBXBuildFile; fileRef = 7D0339661DDEB59B001C48A8 /* BaseViewController.m */; };
		7D0339711DDEB65C001C48A8 /* MeViewController.m in Sources */ = {isa = PBXBuildFile; fileRef = 7D0339701DDEB65C001C48A8 /* MeViewController.m */; };
		7D0339741DDEB8AA001C48A8 /* MyControlTool.m in Sources */ = {isa = PBXBuildFile; fileRef = 7D0339731DDEB8AA001C48A8 /* MyControlTool.m */; };
		7D0339771DDEB8E5001C48A8 /* MeTableViewCell.m in Sources */ = {isa = PBXBuildFile; fileRef = 7D0339761DDEB8E5001C48A8 /* MeTableViewCell.m */; };
		7D03397A1DDEBB16001C48A8 /* MainViewController.m in Sources */ = {isa = PBXBuildFile; fileRef = 7D0339791DDEBB16001C48A8 /* MainViewController.m */; };
		7D03398B1DDEBE28001C48A8 /* MainModel.m in Sources */ = {isa = PBXBuildFile; fileRef = 7D03398A1DDEBE28001C48A8 /* MainModel.m */; };
		7D0339911DDEBF4B001C48A8 /* DataManager.m in Sources */ = {isa = PBXBuildFile; fileRef = 7D0339901DDEBF4B001C48A8 /* DataManager.m */; };
		7D0339941DDEBF51001C48A8 /* CKShimmerLabel.m in Sources */ = {isa = PBXBuildFile; fileRef = 7D0339931DDEBF51001C48A8 /* CKShimmerLabel.m */; };
		7D0339991DDEBF5B001C48A8 /* ZBWeatherAnimatedView.m in Sources */ = {isa = PBXBuildFile; fileRef = 7D0339961DDEBF5B001C48A8 /* ZBWeatherAnimatedView.m */; };
		7D03399A1DDEBF5B001C48A8 /* MJChiBaoZiHeader.m in Sources */ = {isa = PBXBuildFile; fileRef = 7D0339981DDEBF5B001C48A8 /* MJChiBaoZiHeader.m */; };
		7D03399D1DDEBF84001C48A8 /* ChannelTableViewCell.m in Sources */ = {isa = PBXBuildFile; fileRef = 7D03399C1DDEBF84001C48A8 /* ChannelTableViewCell.m */; };
		7D0339A01DDEBFA8001C48A8 /* ChannelViewController.m in Sources */ = {isa = PBXBuildFile; fileRef = 7D03399F1DDEBFA8001C48A8 /* ChannelViewController.m */; };
		7D0339A31DDEBFE8001C48A8 /* ChannelModel.m in Sources */ = {isa = PBXBuildFile; fileRef = 7D0339A21DDEBFE8001C48A8 /* ChannelModel.m */; };
		7D0339A61DDEC2C2001C48A8 /* HeaderAnimatedView.m in Sources */ = {isa = PBXBuildFile; fileRef = 7D0339A51DDEC2C2001C48A8 /* HeaderAnimatedView.m */; };
		7D0339AE1DDECB93001C48A8 /* Language.strings in Resources */ = {isa = PBXBuildFile; fileRef = 7D0339B01DDECB93001C48A8 /* Language.strings */; };
		7D0339B41DDECC37001C48A8 /* LanguageViewController.m in Sources */ = {isa = PBXBuildFile; fileRef = 7D0339B31DDECC37001C48A8 /* LanguageViewController.m */; };
		7D0339B81DDEE566001C48A8 /* DetailViewController.m in Sources */ = {isa = PBXBuildFile; fileRef = 7D0339B71DDEE566001C48A8 /* DetailViewController.m */; };
		7D0339BB1DDF04A3001C48A8 /* ChannelBranchTableViewCell.m in Sources */ = {isa = PBXBuildFile; fileRef = 7D0339BA1DDF04A3001C48A8 /* ChannelBranchTableViewCell.m */; };
		7D09D8BE1E5FCC0900E27C05 /* adData.plist in Resources */ = {isa = PBXBuildFile; fileRef = 7D09D8BC1E5FCC0900E27C05 /* adData.plist */; };
		7D09D8BF1E5FCC0900E27C05 /* adData2.plist in Resources */ = {isa = PBXBuildFile; fileRef = 7D09D8BD1E5FCC0900E27C05 /* adData2.plist */; };
		7D09D8FF1E5FCC5D00E27C05 /* ZBAdvertiseInfo.m in Sources */ = {isa = PBXBuildFile; fileRef = 7D09D8C31E5FCC5D00E27C05 /* ZBAdvertiseInfo.m */; };
		7D09D9001E5FCC5D00E27C05 /* ZBAdvertiseView.m in Sources */ = {isa = PBXBuildFile; fileRef = 7D09D8C51E5FCC5D00E27C05 /* ZBAdvertiseView.m */; };
		7D09D9011E5FCC5D00E27C05 /* UIView+ZBAnimation.m in Sources */ = {isa = PBXBuildFile; fileRef = 7D09D8C81E5FCC5D00E27C05 /* UIView+ZBAnimation.m */; };
		7D09D9021E5FCC5D00E27C05 /* ZBChart.m in Sources */ = {isa = PBXBuildFile; fileRef = 7D09D8CA1E5FCC5D00E27C05 /* ZBChart.m */; };
		7D09D9031E5FCC5D00E27C05 /* NSBundle+ZBKit.m in Sources */ = {isa = PBXBuildFile; fileRef = 7D09D8CD1E5FCC5D00E27C05 /* NSBundle+ZBKit.m */; };
		7D09D9041E5FCC5D00E27C05 /* ZBKit.bundle in Resources */ = {isa = PBXBuildFile; fileRef = 7D09D8CE1E5FCC5D00E27C05 /* ZBKit.bundle */; };
		7D09D9051E5FCC5D00E27C05 /* NSObject+ZBCoding.m in Sources */ = {isa = PBXBuildFile; fileRef = 7D09D8D11E5FCC5D00E27C05 /* NSObject+ZBCoding.m */; };
		7D09D9061E5FCC5D00E27C05 /* ZBDataBaseManager.m in Sources */ = {isa = PBXBuildFile; fileRef = 7D09D8D31E5FCC5D00E27C05 /* ZBDataBaseManager.m */; };
		7D09D9071E5FCC5D00E27C05 /* UIImage+ZBKit.m in Sources */ = {isa = PBXBuildFile; fileRef = 7D09D8D61E5FCC5D00E27C05 /* UIImage+ZBKit.m */; };
		7D09D9081E5FCC5D00E27C05 /* UIImageView+ZBKit.m in Sources */ = {isa = PBXBuildFile; fileRef = 7D09D8D81E5FCC5D00E27C05 /* UIImageView+ZBKit.m */; };
		7D09D9091E5FCC5D00E27C05 /* ZBImageDownloader.m in Sources */ = {isa = PBXBuildFile; fileRef = 7D09D8DA1E5FCC5D00E27C05 /* ZBImageDownloader.m */; };
		7D09D90A1E5FCC5D00E27C05 /* NSFileManager+pathMethod.m in Sources */ = {isa = PBXBuildFile; fileRef = 7D09D8DE1E5FCC5D00E27C05 /* NSFileManager+pathMethod.m */; };
		7D09D90B1E5FCC5D00E27C05 /* ZBCacheManager.m in Sources */ = {isa = PBXBuildFile; fileRef = 7D09D8E01E5FCC5D00E27C05 /* ZBCacheManager.m */; };
		7D09D90C1E5FCC5D00E27C05 /* ZBNetworkManager.m in Sources */ = {isa = PBXBuildFile; fileRef = 7D09D8E31E5FCC5D00E27C05 /* ZBNetworkManager.m */; };
		7D09D90D1E5FCC5D00E27C05 /* ZBURLRequest.m in Sources */ = {isa = PBXBuildFile; fileRef = 7D09D8E51E5FCC5D00E27C05 /* ZBURLRequest.m */; };
		7D09D90E1E5FCC5D00E27C05 /* ZBURLSessionManager.m in Sources */ = {isa = PBXBuildFile; fileRef = 7D09D8E71E5FCC5D00E27C05 /* ZBURLSessionManager.m */; };
		7D09D90F1E5FCC5D00E27C05 /* ZBTableViewController.m in Sources */ = {isa = PBXBuildFile; fileRef = 7D09D8EA1E5FCC5D00E27C05 /* ZBTableViewController.m */; };
		7D09D9101E5FCC5D00E27C05 /* ZBControlTool.m in Sources */ = {isa = PBXBuildFile; fileRef = 7D09D8EE1E5FCC5D00E27C05 /* ZBControlTool.m */; };
		7D09D9111E5FCC5D00E27C05 /* ZBGlobalSettingsTool.m in Sources */ = {isa = PBXBuildFile; fileRef = 7D09D8F01E5FCC5D00E27C05 /* ZBGlobalSettingsTool.m */; };
		7D09D9151E5FCC5D00E27C05 /* ZBInteractiveTransition.m in Sources */ = {isa = PBXBuildFile; fileRef = 7D09D8FA1E5FCC5D00E27C05 /* ZBInteractiveTransition.m */; };
		7D09D9161E5FCC5D00E27C05 /* ZBPopTransitioning.m in Sources */ = {isa = PBXBuildFile; fileRef = 7D09D8FC1E5FCC5D00E27C05 /* ZBPopTransitioning.m */; };
		7D09D9171E5FCC5D00E27C05 /* ZBPushTransitioning.m in Sources */ = {isa = PBXBuildFile; fileRef = 7D09D8FE1E5FCC5D00E27C05 /* ZBPushTransitioning.m */; };
		7D10D9561DF9031F0095D56C /* HeadsPicture.m in Sources */ = {isa = PBXBuildFile; fileRef = 7D10D9551DF9031F0095D56C /* HeadsPicture.m */; };
		7D10D9591DF90F580095D56C /* offlineViewController.m in Sources */ = {isa = PBXBuildFile; fileRef = 7D10D9581DF90F580095D56C /* offlineViewController.m */; };
		7D10D95C1DF918F50095D56C /* OfflineView.m in Sources */ = {isa = PBXBuildFile; fileRef = 7D10D95B1DF918F50095D56C /* OfflineView.m */; };
		7D10D95F1DF961DA0095D56C /* MyViewTool.m in Sources */ = {isa = PBXBuildFile; fileRef = 7D10D95E1DF961DA0095D56C /* MyViewTool.m */; };
		7D1F83C11DED89B000D1E70F /* SearchListViewController.m in Sources */ = {isa = PBXBuildFile; fileRef = 7D1F83C01DED89B000D1E70F /* SearchListViewController.m */; };
		7D22BB421DF1585D00208CA4 /* CalendarViewController.m in Sources */ = {isa = PBXBuildFile; fileRef = 7D22BB411DF1585D00208CA4 /* CalendarViewController.m */; };
		7D2749761DF671AF00A4205D /* GlobalSettingsTool.m in Sources */ = {isa = PBXBuildFile; fileRef = 7D2749751DF671AF00A4205D /* GlobalSettingsTool.m */; };
		7D27497B1DF68F7800A4205D /* UIViewAdditions.m in Sources */ = {isa = PBXBuildFile; fileRef = 7D27497A1DF68F7800A4205D /* UIViewAdditions.m */; };
		7D35916D1DF571A100CFB52C /* ZBSettingViewController.m in Sources */ = {isa = PBXBuildFile; fileRef = 7D35916C1DF571A100CFB52C /* ZBSettingViewController.m */; };
		7D3591701DF572AB00CFB52C /* SettingsViewController.m in Sources */ = {isa = PBXBuildFile; fileRef = 7D35916F1DF572AB00CFB52C /* SettingsViewController.m */; };
		7D4084B11DE83D370076C1C8 /* libsqlite3.tbd in Frameworks */ = {isa = PBXBuildFile; fileRef = 7D4084B01DE83D370076C1C8 /* libsqlite3.tbd */; };
		7D636CFF1DE6CF7C005CEA52 /* YYWeakProxy.m in Sources */ = {isa = PBXBuildFile; fileRef = 7D636CFE1DE6CF7C005CEA52 /* YYWeakProxy.m */; };
		7D636D021DE6CFBB005CEA52 /* YYFPSLabel.m in Sources */ = {isa = PBXBuildFile; fileRef = 7D636D011DE6CFBB005CEA52 /* YYFPSLabel.m */; };
		7DC005CF1E6805E30047213C /* UIAlertAction+ZBAnalytics.m in Sources */ = {isa = PBXBuildFile; fileRef = 7DC005C41E6805E30047213C /* UIAlertAction+ZBAnalytics.m */; };
		7DC005D01E6805E30047213C /* UIApplication+ZBAnalytics.m in Sources */ = {isa = PBXBuildFile; fileRef = 7DC005C61E6805E30047213C /* UIApplication+ZBAnalytics.m */; };
		7DC005D11E6805E30047213C /* UIControl+ZBAnalytics.m in Sources */ = {isa = PBXBuildFile; fileRef = 7DC005C81E6805E30047213C /* UIControl+ZBAnalytics.m */; };
		7DC005D21E6805E30047213C /* UIGestureRecognizer+ZBAnalytics.m in Sources */ = {isa = PBXBuildFile; fileRef = 7DC005CA1E6805E30047213C /* UIGestureRecognizer+ZBAnalytics.m */; };
		7DC005D31E6805E30047213C /* UIViewController+ZBAnalytics.m in Sources */ = {isa = PBXBuildFile; fileRef = 7DC005CC1E6805E30047213C /* UIViewController+ZBAnalytics.m */; };
		7DC005D41E6805E30047213C /* ZBAnalytics.m in Sources */ = {isa = PBXBuildFile; fileRef = 7DC005CE1E6805E30047213C /* ZBAnalytics.m */; };
		7DC2FB0B1E5ED9E300CEC472 /* menu.plist in Resources */ = {isa = PBXBuildFile; fileRef = 7DC2FB0A1E5ED9E300CEC472 /* menu.plist */; };
		7DECA30E1E7006D300FC52DD /* CommentsViewController.m in Sources */ = {isa = PBXBuildFile; fileRef = 7DECA30D1E7006D300FC52DD /* CommentsViewController.m */; };
		7DFC382E1DFA968900E34464 /* DatabaseViewController.m in Sources */ = {isa = PBXBuildFile; fileRef = 7DFC382D1DFA968900E34464 /* DatabaseViewController.m */; };
		8E1ED1E7BF1CAB234D1B2E9E /* libPods-ZBNews.a in Frameworks */ = {isa = PBXBuildFile; fileRef = 84AD4B59FDF1478CCE78E2B6 /* libPods-ZBNews.a */; };
/* End PBXBuildFile section */

/* Begin PBXContainerItemProxy section */
		7D0339421DDEB4A3001C48A8 /* PBXContainerItemProxy */ = {
			isa = PBXContainerItemProxy;
			containerPortal = 7D0339201DDEB4A3001C48A8 /* Project object */;
			proxyType = 1;
			remoteGlobalIDString = 7D0339271DDEB4A3001C48A8;
			remoteInfo = ZBNews;
		};
		7D03394D1DDEB4A3001C48A8 /* PBXContainerItemProxy */ = {
			isa = PBXContainerItemProxy;
			containerPortal = 7D0339201DDEB4A3001C48A8 /* Project object */;
			proxyType = 1;
			remoteGlobalIDString = 7D0339271DDEB4A3001C48A8;
			remoteInfo = ZBNews;
		};
/* End PBXContainerItemProxy section */

/* Begin PBXFileReference section */
		607ED2848F8D2817B0C3B867 /* Pods-ZBNews.debug.xcconfig */ = {isa = PBXFileReference; includeInIndex = 1; lastKnownFileType = text.xcconfig; name = "Pods-ZBNews.debug.xcconfig"; path = "Pods/Target Support Files/Pods-ZBNews/Pods-ZBNews.debug.xcconfig"; sourceTree = "<group>"; };
		7D0339281DDEB4A3001C48A8 /* ZBNews.app */ = {isa = PBXFileReference; explicitFileType = wrapper.application; includeInIndex = 0; path = ZBNews.app; sourceTree = BUILT_PRODUCTS_DIR; };
		7D03392C1DDEB4A3001C48A8 /* main.m */ = {isa = PBXFileReference; lastKnownFileType = sourcecode.c.objc; path = main.m; sourceTree = "<group>"; };
		7D03392E1DDEB4A3001C48A8 /* AppDelegate.h */ = {isa = PBXFileReference; lastKnownFileType = sourcecode.c.h; path = AppDelegate.h; sourceTree = "<group>"; };
		7D03392F1DDEB4A3001C48A8 /* AppDelegate.m */ = {isa = PBXFileReference; lastKnownFileType = sourcecode.c.objc; path = AppDelegate.m; sourceTree = "<group>"; };
		7D0339311DDEB4A3001C48A8 /* ViewController.h */ = {isa = PBXFileReference; lastKnownFileType = sourcecode.c.h; path = ViewController.h; sourceTree = "<group>"; };
		7D0339321DDEB4A3001C48A8 /* ViewController.m */ = {isa = PBXFileReference; lastKnownFileType = sourcecode.c.objc; path = ViewController.m; sourceTree = "<group>"; };
		7D0339351DDEB4A3001C48A8 /* Base */ = {isa = PBXFileReference; lastKnownFileType = file.storyboard; name = Base; path = Base.lproj/Main.storyboard; sourceTree = "<group>"; };
		7D0339371DDEB4A3001C48A8 /* Assets.xcassets */ = {isa = PBXFileReference; lastKnownFileType = folder.assetcatalog; path = Assets.xcassets; sourceTree = "<group>"; };
		7D03393A1DDEB4A3001C48A8 /* Base */ = {isa = PBXFileReference; lastKnownFileType = file.storyboard; name = Base; path = Base.lproj/LaunchScreen.storyboard; sourceTree = "<group>"; };
		7D03393C1DDEB4A3001C48A8 /* Info.plist */ = {isa = PBXFileReference; lastKnownFileType = text.plist.xml; path = Info.plist; sourceTree = "<group>"; };
		7D0339411DDEB4A3001C48A8 /* ZBNewsTests.xctest */ = {isa = PBXFileReference; explicitFileType = wrapper.cfbundle; includeInIndex = 0; path = ZBNewsTests.xctest; sourceTree = BUILT_PRODUCTS_DIR; };
		7D0339451DDEB4A3001C48A8 /* ZBNewsTests.m */ = {isa = PBXFileReference; lastKnownFileType = sourcecode.c.objc; path = ZBNewsTests.m; sourceTree = "<group>"; };
		7D0339471DDEB4A3001C48A8 /* Info.plist */ = {isa = PBXFileReference; lastKnownFileType = text.plist.xml; path = Info.plist; sourceTree = "<group>"; };
		7D03394C1DDEB4A3001C48A8 /* ZBNewsUITests.xctest */ = {isa = PBXFileReference; explicitFileType = wrapper.cfbundle; includeInIndex = 0; path = ZBNewsUITests.xctest; sourceTree = BUILT_PRODUCTS_DIR; };
		7D0339501DDEB4A3001C48A8 /* ZBNewsUITests.m */ = {isa = PBXFileReference; lastKnownFileType = sourcecode.c.objc; path = ZBNewsUITests.m; sourceTree = "<group>"; };
		7D0339521DDEB4A3001C48A8 /* Info.plist */ = {isa = PBXFileReference; lastKnownFileType = text.plist.xml; path = Info.plist; sourceTree = "<group>"; };
		7D03395F1DDEB511001C48A8 /* CustomTabBarController.h */ = {isa = PBXFileReference; fileEncoding = 4; lastKnownFileType = sourcecode.c.h; path = CustomTabBarController.h; sourceTree = "<group>"; };
		7D0339601DDEB511001C48A8 /* CustomTabBarController.m */ = {isa = PBXFileReference; fileEncoding = 4; lastKnownFileType = sourcecode.c.objc; path = CustomTabBarController.m; sourceTree = "<group>"; };
		7D0339651DDEB59B001C48A8 /* BaseViewController.h */ = {isa = PBXFileReference; fileEncoding = 4; lastKnownFileType = sourcecode.c.h; path = BaseViewController.h; sourceTree = "<group>"; };
		7D0339661DDEB59B001C48A8 /* BaseViewController.m */ = {isa = PBXFileReference; fileEncoding = 4; lastKnownFileType = sourcecode.c.objc; path = BaseViewController.m; sourceTree = "<group>"; };
		7D0339691DDEB5EF001C48A8 /* Constants.h */ = {isa = PBXFileReference; lastKnownFileType = sourcecode.c.h; path = Constants.h; sourceTree = "<group>"; };
		7D03396A1DDEB60C001C48A8 /* API_Constants.h */ = {isa = PBXFileReference; lastKnownFileType = sourcecode.c.h; path = API_Constants.h; sourceTree = "<group>"; };
		7D03396F1DDEB65C001C48A8 /* MeViewController.h */ = {isa = PBXFileReference; fileEncoding = 4; lastKnownFileType = sourcecode.c.h; path = MeViewController.h; sourceTree = "<group>"; };
		7D0339701DDEB65C001C48A8 /* MeViewController.m */ = {isa = PBXFileReference; fileEncoding = 4; lastKnownFileType = sourcecode.c.objc; path = MeViewController.m; sourceTree = "<group>"; };
		7D0339721DDEB8AA001C48A8 /* MyControlTool.h */ = {isa = PBXFileReference; fileEncoding = 4; lastKnownFileType = sourcecode.c.h; path = MyControlTool.h; sourceTree = "<group>"; };
		7D0339731DDEB8AA001C48A8 /* MyControlTool.m */ = {isa = PBXFileReference; fileEncoding = 4; lastKnownFileType = sourcecode.c.objc; path = MyControlTool.m; sourceTree = "<group>"; };
		7D0339751DDEB8E5001C48A8 /* MeTableViewCell.h */ = {isa = PBXFileReference; fileEncoding = 4; lastKnownFileType = sourcecode.c.h; path = MeTableViewCell.h; sourceTree = "<group>"; };
		7D0339761DDEB8E5001C48A8 /* MeTableViewCell.m */ = {isa = PBXFileReference; fileEncoding = 4; lastKnownFileType = sourcecode.c.objc; path = MeTableViewCell.m; sourceTree = "<group>"; };
		7D0339781DDEBB16001C48A8 /* MainViewController.h */ = {isa = PBXFileReference; fileEncoding = 4; lastKnownFileType = sourcecode.c.h; path = MainViewController.h; sourceTree = "<group>"; };
		7D0339791DDEBB16001C48A8 /* MainViewController.m */ = {isa = PBXFileReference; fileEncoding = 4; lastKnownFileType = sourcecode.c.objc; path = MainViewController.m; sourceTree = "<group>"; };
		7D0339891DDEBE28001C48A8 /* MainModel.h */ = {isa = PBXFileReference; fileEncoding = 4; lastKnownFileType = sourcecode.c.h; path = MainModel.h; sourceTree = "<group>"; };
		7D03398A1DDEBE28001C48A8 /* MainModel.m */ = {isa = PBXFileReference; fileEncoding = 4; lastKnownFileType = sourcecode.c.objc; path = MainModel.m; sourceTree = "<group>"; };
		7D03398F1DDEBF4B001C48A8 /* DataManager.h */ = {isa = PBXFileReference; fileEncoding = 4; lastKnownFileType = sourcecode.c.h; path = DataManager.h; sourceTree = "<group>"; };
		7D0339901DDEBF4B001C48A8 /* DataManager.m */ = {isa = PBXFileReference; fileEncoding = 4; lastKnownFileType = sourcecode.c.objc; path = DataManager.m; sourceTree = "<group>"; };
		7D0339921DDEBF51001C48A8 /* CKShimmerLabel.h */ = {isa = PBXFileReference; fileEncoding = 4; lastKnownFileType = sourcecode.c.h; path = CKShimmerLabel.h; sourceTree = "<group>"; };
		7D0339931DDEBF51001C48A8 /* CKShimmerLabel.m */ = {isa = PBXFileReference; fileEncoding = 4; lastKnownFileType = sourcecode.c.objc; path = CKShimmerLabel.m; sourceTree = "<group>"; };
		7D0339951DDEBF5B001C48A8 /* ZBWeatherAnimatedView.h */ = {isa = PBXFileReference; fileEncoding = 4; lastKnownFileType = sourcecode.c.h; path = ZBWeatherAnimatedView.h; sourceTree = "<group>"; };
		7D0339961DDEBF5B001C48A8 /* ZBWeatherAnimatedView.m */ = {isa = PBXFileReference; fileEncoding = 4; lastKnownFileType = sourcecode.c.objc; path = ZBWeatherAnimatedView.m; sourceTree = "<group>"; };
		7D0339971DDEBF5B001C48A8 /* MJChiBaoZiHeader.h */ = {isa = PBXFileReference; fileEncoding = 4; lastKnownFileType = sourcecode.c.h; path = MJChiBaoZiHeader.h; sourceTree = "<group>"; };
		7D0339981DDEBF5B001C48A8 /* MJChiBaoZiHeader.m */ = {isa = PBXFileReference; fileEncoding = 4; lastKnownFileType = sourcecode.c.objc; path = MJChiBaoZiHeader.m; sourceTree = "<group>"; };
		7D03399B1DDEBF84001C48A8 /* ChannelTableViewCell.h */ = {isa = PBXFileReference; fileEncoding = 4; lastKnownFileType = sourcecode.c.h; path = ChannelTableViewCell.h; sourceTree = "<group>"; };
		7D03399C1DDEBF84001C48A8 /* ChannelTableViewCell.m */ = {isa = PBXFileReference; fileEncoding = 4; lastKnownFileType = sourcecode.c.objc; path = ChannelTableViewCell.m; sourceTree = "<group>"; };
		7D03399E1DDEBFA8001C48A8 /* ChannelViewController.h */ = {isa = PBXFileReference; fileEncoding = 4; lastKnownFileType = sourcecode.c.h; path = ChannelViewController.h; sourceTree = "<group>"; };
		7D03399F1DDEBFA8001C48A8 /* ChannelViewController.m */ = {isa = PBXFileReference; fileEncoding = 4; lastKnownFileType = sourcecode.c.objc; path = ChannelViewController.m; sourceTree = "<group>"; };
		7D0339A11DDEBFE8001C48A8 /* ChannelModel.h */ = {isa = PBXFileReference; fileEncoding = 4; lastKnownFileType = sourcecode.c.h; path = ChannelModel.h; sourceTree = "<group>"; };
		7D0339A21DDEBFE8001C48A8 /* ChannelModel.m */ = {isa = PBXFileReference; fileEncoding = 4; lastKnownFileType = sourcecode.c.objc; path = ChannelModel.m; sourceTree = "<group>"; };
		7D0339A41DDEC2C2001C48A8 /* HeaderAnimatedView.h */ = {isa = PBXFileReference; fileEncoding = 4; lastKnownFileType = sourcecode.c.h; path = HeaderAnimatedView.h; sourceTree = "<group>"; };
		7D0339A51DDEC2C2001C48A8 /* HeaderAnimatedView.m */ = {isa = PBXFileReference; fileEncoding = 4; lastKnownFileType = sourcecode.c.objc; path = HeaderAnimatedView.m; sourceTree = "<group>"; };
		7D0339AF1DDECB93001C48A8 /* en */ = {isa = PBXFileReference; lastKnownFileType = text.plist.strings; name = en; path = en.lproj/Language.strings; sourceTree = "<group>"; };
		7D0339B11DDECBB6001C48A8 /* zh-Hans */ = {isa = PBXFileReference; lastKnownFileType = text.plist.strings; name = "zh-Hans"; path = "zh-Hans.lproj/Language.strings"; sourceTree = "<group>"; };
		7D0339B21DDECC37001C48A8 /* LanguageViewController.h */ = {isa = PBXFileReference; fileEncoding = 4; lastKnownFileType = sourcecode.c.h; path = LanguageViewController.h; sourceTree = "<group>"; };
		7D0339B31DDECC37001C48A8 /* LanguageViewController.m */ = {isa = PBXFileReference; fileEncoding = 4; lastKnownFileType = sourcecode.c.objc; path = LanguageViewController.m; sourceTree = "<group>"; };
		7D0339B61DDEE566001C48A8 /* DetailViewController.h */ = {isa = PBXFileReference; fileEncoding = 4; lastKnownFileType = sourcecode.c.h; path = DetailViewController.h; sourceTree = "<group>"; };
		7D0339B71DDEE566001C48A8 /* DetailViewController.m */ = {isa = PBXFileReference; fileEncoding = 4; lastKnownFileType = sourcecode.c.objc; path = DetailViewController.m; sourceTree = "<group>"; };
		7D0339B91DDF04A3001C48A8 /* ChannelBranchTableViewCell.h */ = {isa = PBXFileReference; fileEncoding = 4; lastKnownFileType = sourcecode.c.h; path = ChannelBranchTableViewCell.h; sourceTree = "<group>"; };
		7D0339BA1DDF04A3001C48A8 /* ChannelBranchTableViewCell.m */ = {isa = PBXFileReference; fileEncoding = 4; lastKnownFileType = sourcecode.c.objc; path = ChannelBranchTableViewCell.m; sourceTree = "<group>"; };
		7D09D8BC1E5FCC0900E27C05 /* adData.plist */ = {isa = PBXFileReference; fileEncoding = 4; lastKnownFileType = text.plist.xml; path = adData.plist; sourceTree = "<group>"; };
		7D09D8BD1E5FCC0900E27C05 /* adData2.plist */ = {isa = PBXFileReference; fileEncoding = 4; lastKnownFileType = text.plist.xml; path = adData2.plist; sourceTree = "<group>"; };
		7D09D8C21E5FCC5D00E27C05 /* ZBAdvertiseInfo.h */ = {isa = PBXFileReference; fileEncoding = 4; lastKnownFileType = sourcecode.c.h; path = ZBAdvertiseInfo.h; sourceTree = "<group>"; };
		7D09D8C31E5FCC5D00E27C05 /* ZBAdvertiseInfo.m */ = {isa = PBXFileReference; fileEncoding = 4; lastKnownFileType = sourcecode.c.objc; path = ZBAdvertiseInfo.m; sourceTree = "<group>"; };
		7D09D8C41E5FCC5D00E27C05 /* ZBAdvertiseView.h */ = {isa = PBXFileReference; fileEncoding = 4; lastKnownFileType = sourcecode.c.h; path = ZBAdvertiseView.h; sourceTree = "<group>"; };
		7D09D8C51E5FCC5D00E27C05 /* ZBAdvertiseView.m */ = {isa = PBXFileReference; fileEncoding = 4; lastKnownFileType = sourcecode.c.objc; path = ZBAdvertiseView.m; sourceTree = "<group>"; };
		7D09D8C71E5FCC5D00E27C05 /* UIView+ZBAnimation.h */ = {isa = PBXFileReference; fileEncoding = 4; lastKnownFileType = sourcecode.c.h; path = "UIView+ZBAnimation.h"; sourceTree = "<group>"; };
		7D09D8C81E5FCC5D00E27C05 /* UIView+ZBAnimation.m */ = {isa = PBXFileReference; fileEncoding = 4; lastKnownFileType = sourcecode.c.objc; path = "UIView+ZBAnimation.m"; sourceTree = "<group>"; };
		7D09D8C91E5FCC5D00E27C05 /* ZBChart.h */ = {isa = PBXFileReference; fileEncoding = 4; lastKnownFileType = sourcecode.c.h; path = ZBChart.h; sourceTree = "<group>"; };
		7D09D8CA1E5FCC5D00E27C05 /* ZBChart.m */ = {isa = PBXFileReference; fileEncoding = 4; lastKnownFileType = sourcecode.c.objc; path = ZBChart.m; sourceTree = "<group>"; };
		7D09D8CC1E5FCC5D00E27C05 /* NSBundle+ZBKit.h */ = {isa = PBXFileReference; fileEncoding = 4; lastKnownFileType = sourcecode.c.h; path = "NSBundle+ZBKit.h"; sourceTree = "<group>"; };
		7D09D8CD1E5FCC5D00E27C05 /* NSBundle+ZBKit.m */ = {isa = PBXFileReference; fileEncoding = 4; lastKnownFileType = sourcecode.c.objc; path = "NSBundle+ZBKit.m"; sourceTree = "<group>"; };
		7D09D8CE1E5FCC5D00E27C05 /* ZBKit.bundle */ = {isa = PBXFileReference; lastKnownFileType = "wrapper.plug-in"; path = ZBKit.bundle; sourceTree = "<group>"; };
		7D09D8D01E5FCC5D00E27C05 /* NSObject+ZBCoding.h */ = {isa = PBXFileReference; fileEncoding = 4; lastKnownFileType = sourcecode.c.h; path = "NSObject+ZBCoding.h"; sourceTree = "<group>"; };
		7D09D8D11E5FCC5D00E27C05 /* NSObject+ZBCoding.m */ = {isa = PBXFileReference; fileEncoding = 4; lastKnownFileType = sourcecode.c.objc; path = "NSObject+ZBCoding.m"; sourceTree = "<group>"; };
		7D09D8D21E5FCC5D00E27C05 /* ZBDataBaseManager.h */ = {isa = PBXFileReference; fileEncoding = 4; lastKnownFileType = sourcecode.c.h; path = ZBDataBaseManager.h; sourceTree = "<group>"; };
		7D09D8D31E5FCC5D00E27C05 /* ZBDataBaseManager.m */ = {isa = PBXFileReference; fileEncoding = 4; lastKnownFileType = sourcecode.c.objc; path = ZBDataBaseManager.m; sourceTree = "<group>"; };
		7D09D8D51E5FCC5D00E27C05 /* UIImage+ZBKit.h */ = {isa = PBXFileReference; fileEncoding = 4; lastKnownFileType = sourcecode.c.h; path = "UIImage+ZBKit.h"; sourceTree = "<group>"; };
		7D09D8D61E5FCC5D00E27C05 /* UIImage+ZBKit.m */ = {isa = PBXFileReference; fileEncoding = 4; lastKnownFileType = sourcecode.c.objc; path = "UIImage+ZBKit.m"; sourceTree = "<group>"; };
		7D09D8D71E5FCC5D00E27C05 /* UIImageView+ZBKit.h */ = {isa = PBXFileReference; fileEncoding = 4; lastKnownFileType = sourcecode.c.h; path = "UIImageView+ZBKit.h"; sourceTree = "<group>"; };
		7D09D8D81E5FCC5D00E27C05 /* UIImageView+ZBKit.m */ = {isa = PBXFileReference; fileEncoding = 4; lastKnownFileType = sourcecode.c.objc; path = "UIImageView+ZBKit.m"; sourceTree = "<group>"; };
		7D09D8D91E5FCC5D00E27C05 /* ZBImageDownloader.h */ = {isa = PBXFileReference; fileEncoding = 4; lastKnownFileType = sourcecode.c.h; path = ZBImageDownloader.h; sourceTree = "<group>"; };
		7D09D8DA1E5FCC5D00E27C05 /* ZBImageDownloader.m */ = {isa = PBXFileReference; fileEncoding = 4; lastKnownFileType = sourcecode.c.objc; path = ZBImageDownloader.m; sourceTree = "<group>"; };
		7D09D8DB1E5FCC5D00E27C05 /* ZBKit.h */ = {isa = PBXFileReference; fileEncoding = 4; lastKnownFileType = sourcecode.c.h; path = ZBKit.h; sourceTree = "<group>"; };
		7D09D8DD1E5FCC5D00E27C05 /* NSFileManager+pathMethod.h */ = {isa = PBXFileReference; fileEncoding = 4; lastKnownFileType = sourcecode.c.h; path = "NSFileManager+pathMethod.h"; sourceTree = "<group>"; };
		7D09D8DE1E5FCC5D00E27C05 /* NSFileManager+pathMethod.m */ = {isa = PBXFileReference; fileEncoding = 4; lastKnownFileType = sourcecode.c.objc; path = "NSFileManager+pathMethod.m"; sourceTree = "<group>"; };
		7D09D8DF1E5FCC5D00E27C05 /* ZBCacheManager.h */ = {isa = PBXFileReference; fileEncoding = 4; lastKnownFileType = sourcecode.c.h; path = ZBCacheManager.h; sourceTree = "<group>"; };
		7D09D8E01E5FCC5D00E27C05 /* ZBCacheManager.m */ = {isa = PBXFileReference; fileEncoding = 4; lastKnownFileType = sourcecode.c.objc; path = ZBCacheManager.m; sourceTree = "<group>"; };
		7D09D8E11E5FCC5D00E27C05 /* ZBNetworking.h */ = {isa = PBXFileReference; fileEncoding = 4; lastKnownFileType = sourcecode.c.h; path = ZBNetworking.h; sourceTree = "<group>"; };
		7D09D8E21E5FCC5D00E27C05 /* ZBNetworkManager.h */ = {isa = PBXFileReference; fileEncoding = 4; lastKnownFileType = sourcecode.c.h; path = ZBNetworkManager.h; sourceTree = "<group>"; };
		7D09D8E31E5FCC5D00E27C05 /* ZBNetworkManager.m */ = {isa = PBXFileReference; fileEncoding = 4; lastKnownFileType = sourcecode.c.objc; path = ZBNetworkManager.m; sourceTree = "<group>"; };
		7D09D8E41E5FCC5D00E27C05 /* ZBURLRequest.h */ = {isa = PBXFileReference; fileEncoding = 4; lastKnownFileType = sourcecode.c.h; path = ZBURLRequest.h; sourceTree = "<group>"; };
		7D09D8E51E5FCC5D00E27C05 /* ZBURLRequest.m */ = {isa = PBXFileReference; fileEncoding = 4; lastKnownFileType = sourcecode.c.objc; path = ZBURLRequest.m; sourceTree = "<group>"; };
		7D09D8E61E5FCC5D00E27C05 /* ZBURLSessionManager.h */ = {isa = PBXFileReference; fileEncoding = 4; lastKnownFileType = sourcecode.c.h; path = ZBURLSessionManager.h; sourceTree = "<group>"; };
		7D09D8E71E5FCC5D00E27C05 /* ZBURLSessionManager.m */ = {isa = PBXFileReference; fileEncoding = 4; lastKnownFileType = sourcecode.c.objc; path = ZBURLSessionManager.m; sourceTree = "<group>"; };
		7D09D8E91E5FCC5D00E27C05 /* ZBTableViewController.h */ = {isa = PBXFileReference; fileEncoding = 4; lastKnownFileType = sourcecode.c.h; path = ZBTableViewController.h; sourceTree = "<group>"; };
		7D09D8EA1E5FCC5D00E27C05 /* ZBTableViewController.m */ = {isa = PBXFileReference; fileEncoding = 4; lastKnownFileType = sourcecode.c.objc; path = ZBTableViewController.m; sourceTree = "<group>"; };
		7D09D8EC1E5FCC5D00E27C05 /* ZBConstants.h */ = {isa = PBXFileReference; fileEncoding = 4; lastKnownFileType = sourcecode.c.h; path = ZBConstants.h; sourceTree = "<group>"; };
		7D09D8ED1E5FCC5D00E27C05 /* ZBControlTool.h */ = {isa = PBXFileReference; fileEncoding = 4; lastKnownFileType = sourcecode.c.h; path = ZBControlTool.h; sourceTree = "<group>"; };
		7D09D8EE1E5FCC5D00E27C05 /* ZBControlTool.m */ = {isa = PBXFileReference; fileEncoding = 4; lastKnownFileType = sourcecode.c.objc; path = ZBControlTool.m; sourceTree = "<group>"; };
		7D09D8EF1E5FCC5D00E27C05 /* ZBGlobalSettingsTool.h */ = {isa = PBXFileReference; fileEncoding = 4; lastKnownFileType = sourcecode.c.h; path = ZBGlobalSettingsTool.h; sourceTree = "<group>"; };
		7D09D8F01E5FCC5D00E27C05 /* ZBGlobalSettingsTool.m */ = {isa = PBXFileReference; fileEncoding = 4; lastKnownFileType = sourcecode.c.objc; path = ZBGlobalSettingsTool.m; sourceTree = "<group>"; };
		7D09D8F91E5FCC5D00E27C05 /* ZBInteractiveTransition.h */ = {isa = PBXFileReference; fileEncoding = 4; lastKnownFileType = sourcecode.c.h; path = ZBInteractiveTransition.h; sourceTree = "<group>"; };
		7D09D8FA1E5FCC5D00E27C05 /* ZBInteractiveTransition.m */ = {isa = PBXFileReference; fileEncoding = 4; lastKnownFileType = sourcecode.c.objc; path = ZBInteractiveTransition.m; sourceTree = "<group>"; };
		7D09D8FB1E5FCC5D00E27C05 /* ZBPopTransitioning.h */ = {isa = PBXFileReference; fileEncoding = 4; lastKnownFileType = sourcecode.c.h; path = ZBPopTransitioning.h; sourceTree = "<group>"; };
		7D09D8FC1E5FCC5D00E27C05 /* ZBPopTransitioning.m */ = {isa = PBXFileReference; fileEncoding = 4; lastKnownFileType = sourcecode.c.objc; path = ZBPopTransitioning.m; sourceTree = "<group>"; };
		7D09D8FD1E5FCC5D00E27C05 /* ZBPushTransitioning.h */ = {isa = PBXFileReference; fileEncoding = 4; lastKnownFileType = sourcecode.c.h; path = ZBPushTransitioning.h; sourceTree = "<group>"; };
		7D09D8FE1E5FCC5D00E27C05 /* ZBPushTransitioning.m */ = {isa = PBXFileReference; fileEncoding = 4; lastKnownFileType = sourcecode.c.objc; path = ZBPushTransitioning.m; sourceTree = "<group>"; };
		7D10D9541DF9031F0095D56C /* HeadsPicture.h */ = {isa = PBXFileReference; fileEncoding = 4; lastKnownFileType = sourcecode.c.h; path = HeadsPicture.h; sourceTree = "<group>"; };
		7D10D9551DF9031F0095D56C /* HeadsPicture.m */ = {isa = PBXFileReference; fileEncoding = 4; lastKnownFileType = sourcecode.c.objc; path = HeadsPicture.m; sourceTree = "<group>"; };
		7D10D9571DF90F580095D56C /* offlineViewController.h */ = {isa = PBXFileReference; fileEncoding = 4; lastKnownFileType = sourcecode.c.h; path = offlineViewController.h; sourceTree = "<group>"; };
		7D10D9581DF90F580095D56C /* offlineViewController.m */ = {isa = PBXFileReference; fileEncoding = 4; lastKnownFileType = sourcecode.c.objc; path = offlineViewController.m; sourceTree = "<group>"; };
		7D10D95A1DF918F50095D56C /* OfflineView.h */ = {isa = PBXFileReference; fileEncoding = 4; lastKnownFileType = sourcecode.c.h; path = OfflineView.h; sourceTree = "<group>"; };
		7D10D95B1DF918F50095D56C /* OfflineView.m */ = {isa = PBXFileReference; fileEncoding = 4; lastKnownFileType = sourcecode.c.objc; path = OfflineView.m; sourceTree = "<group>"; };
		7D10D95D1DF961DA0095D56C /* MyViewTool.h */ = {isa = PBXFileReference; fileEncoding = 4; lastKnownFileType = sourcecode.c.h; path = MyViewTool.h; sourceTree = "<group>"; };
		7D10D95E1DF961DA0095D56C /* MyViewTool.m */ = {isa = PBXFileReference; fileEncoding = 4; lastKnownFileType = sourcecode.c.objc; path = MyViewTool.m; sourceTree = "<group>"; };
		7D1F83BF1DED89B000D1E70F /* SearchListViewController.h */ = {isa = PBXFileReference; fileEncoding = 4; lastKnownFileType = sourcecode.c.h; path = SearchListViewController.h; sourceTree = "<group>"; };
		7D1F83C01DED89B000D1E70F /* SearchListViewController.m */ = {isa = PBXFileReference; fileEncoding = 4; lastKnownFileType = sourcecode.c.objc; path = SearchListViewController.m; sourceTree = "<group>"; };
		7D22BB401DF1585D00208CA4 /* CalendarViewController.h */ = {isa = PBXFileReference; fileEncoding = 4; lastKnownFileType = sourcecode.c.h; path = CalendarViewController.h; sourceTree = "<group>"; };
		7D22BB411DF1585D00208CA4 /* CalendarViewController.m */ = {isa = PBXFileReference; fileEncoding = 4; lastKnownFileType = sourcecode.c.objc; path = CalendarViewController.m; sourceTree = "<group>"; };
		7D2749741DF671AF00A4205D /* GlobalSettingsTool.h */ = {isa = PBXFileReference; fileEncoding = 4; lastKnownFileType = sourcecode.c.h; path = GlobalSettingsTool.h; sourceTree = "<group>"; };
		7D2749751DF671AF00A4205D /* GlobalSettingsTool.m */ = {isa = PBXFileReference; fileEncoding = 4; lastKnownFileType = sourcecode.c.objc; path = GlobalSettingsTool.m; sourceTree = "<group>"; };
		7D2749791DF68F7800A4205D /* UIViewAdditions.h */ = {isa = PBXFileReference; fileEncoding = 4; lastKnownFileType = sourcecode.c.h; path = UIViewAdditions.h; sourceTree = "<group>"; };
		7D27497A1DF68F7800A4205D /* UIViewAdditions.m */ = {isa = PBXFileReference; fileEncoding = 4; lastKnownFileType = sourcecode.c.objc; path = UIViewAdditions.m; sourceTree = "<group>"; };
		7D35916B1DF571A100CFB52C /* ZBSettingViewController.h */ = {isa = PBXFileReference; fileEncoding = 4; lastKnownFileType = sourcecode.c.h; path = ZBSettingViewController.h; sourceTree = "<group>"; };
		7D35916C1DF571A100CFB52C /* ZBSettingViewController.m */ = {isa = PBXFileReference; fileEncoding = 4; lastKnownFileType = sourcecode.c.objc; path = ZBSettingViewController.m; sourceTree = "<group>"; };
		7D35916E1DF572AB00CFB52C /* SettingsViewController.h */ = {isa = PBXFileReference; fileEncoding = 4; lastKnownFileType = sourcecode.c.h; path = SettingsViewController.h; sourceTree = "<group>"; };
		7D35916F1DF572AB00CFB52C /* SettingsViewController.m */ = {isa = PBXFileReference; fileEncoding = 4; lastKnownFileType = sourcecode.c.objc; path = SettingsViewController.m; sourceTree = "<group>"; };
		7D4084B01DE83D370076C1C8 /* libsqlite3.tbd */ = {isa = PBXFileReference; lastKnownFileType = "sourcecode.text-based-dylib-definition"; name = libsqlite3.tbd; path = usr/lib/libsqlite3.tbd; sourceTree = SDKROOT; };
		7D636CFD1DE6CF7C005CEA52 /* YYWeakProxy.h */ = {isa = PBXFileReference; fileEncoding = 4; lastKnownFileType = sourcecode.c.h; path = YYWeakProxy.h; sourceTree = "<group>"; };
		7D636CFE1DE6CF7C005CEA52 /* YYWeakProxy.m */ = {isa = PBXFileReference; fileEncoding = 4; lastKnownFileType = sourcecode.c.objc; path = YYWeakProxy.m; sourceTree = "<group>"; };
		7D636D001DE6CFBB005CEA52 /* YYFPSLabel.h */ = {isa = PBXFileReference; fileEncoding = 4; lastKnownFileType = sourcecode.c.h; path = YYFPSLabel.h; sourceTree = "<group>"; };
		7D636D011DE6CFBB005CEA52 /* YYFPSLabel.m */ = {isa = PBXFileReference; fileEncoding = 4; lastKnownFileType = sourcecode.c.objc; path = YYFPSLabel.m; sourceTree = "<group>"; };
		7DC005C31E6805E30047213C /* UIAlertAction+ZBAnalytics.h */ = {isa = PBXFileReference; fileEncoding = 4; lastKnownFileType = sourcecode.c.h; path = "UIAlertAction+ZBAnalytics.h"; sourceTree = "<group>"; };
		7DC005C41E6805E30047213C /* UIAlertAction+ZBAnalytics.m */ = {isa = PBXFileReference; fileEncoding = 4; lastKnownFileType = sourcecode.c.objc; path = "UIAlertAction+ZBAnalytics.m"; sourceTree = "<group>"; };
		7DC005C51E6805E30047213C /* UIApplication+ZBAnalytics.h */ = {isa = PBXFileReference; fileEncoding = 4; lastKnownFileType = sourcecode.c.h; path = "UIApplication+ZBAnalytics.h"; sourceTree = "<group>"; };
		7DC005C61E6805E30047213C /* UIApplication+ZBAnalytics.m */ = {isa = PBXFileReference; fileEncoding = 4; lastKnownFileType = sourcecode.c.objc; path = "UIApplication+ZBAnalytics.m"; sourceTree = "<group>"; };
		7DC005C71E6805E30047213C /* UIControl+ZBAnalytics.h */ = {isa = PBXFileReference; fileEncoding = 4; lastKnownFileType = sourcecode.c.h; path = "UIControl+ZBAnalytics.h"; sourceTree = "<group>"; };
		7DC005C81E6805E30047213C /* UIControl+ZBAnalytics.m */ = {isa = PBXFileReference; fileEncoding = 4; lastKnownFileType = sourcecode.c.objc; path = "UIControl+ZBAnalytics.m"; sourceTree = "<group>"; };
		7DC005C91E6805E30047213C /* UIGestureRecognizer+ZBAnalytics.h */ = {isa = PBXFileReference; fileEncoding = 4; lastKnownFileType = sourcecode.c.h; path = "UIGestureRecognizer+ZBAnalytics.h"; sourceTree = "<group>"; };
		7DC005CA1E6805E30047213C /* UIGestureRecognizer+ZBAnalytics.m */ = {isa = PBXFileReference; fileEncoding = 4; lastKnownFileType = sourcecode.c.objc; path = "UIGestureRecognizer+ZBAnalytics.m"; sourceTree = "<group>"; };
		7DC005CB1E6805E30047213C /* UIViewController+ZBAnalytics.h */ = {isa = PBXFileReference; fileEncoding = 4; lastKnownFileType = sourcecode.c.h; path = "UIViewController+ZBAnalytics.h"; sourceTree = "<group>"; };
		7DC005CC1E6805E30047213C /* UIViewController+ZBAnalytics.m */ = {isa = PBXFileReference; fileEncoding = 4; lastKnownFileType = sourcecode.c.objc; path = "UIViewController+ZBAnalytics.m"; sourceTree = "<group>"; };
		7DC005CD1E6805E30047213C /* ZBAnalytics.h */ = {isa = PBXFileReference; fileEncoding = 4; lastKnownFileType = sourcecode.c.h; path = ZBAnalytics.h; sourceTree = "<group>"; };
		7DC005CE1E6805E30047213C /* ZBAnalytics.m */ = {isa = PBXFileReference; fileEncoding = 4; lastKnownFileType = sourcecode.c.objc; path = ZBAnalytics.m; sourceTree = "<group>"; };
		7DC2FB0A1E5ED9E300CEC472 /* menu.plist */ = {isa = PBXFileReference; fileEncoding = 4; lastKnownFileType = text.plist.xml; path = menu.plist; sourceTree = "<group>"; };
		7DECA30C1E7006D300FC52DD /* CommentsViewController.h */ = {isa = PBXFileReference; fileEncoding = 4; lastKnownFileType = sourcecode.c.h; path = CommentsViewController.h; sourceTree = "<group>"; };
		7DECA30D1E7006D300FC52DD /* CommentsViewController.m */ = {isa = PBXFileReference; fileEncoding = 4; lastKnownFileType = sourcecode.c.objc; path = CommentsViewController.m; sourceTree = "<group>"; };
		7DFC382C1DFA968900E34464 /* DatabaseViewController.h */ = {isa = PBXFileReference; fileEncoding = 4; lastKnownFileType = sourcecode.c.h; path = DatabaseViewController.h; sourceTree = "<group>"; };
		7DFC382D1DFA968900E34464 /* DatabaseViewController.m */ = {isa = PBXFileReference; fileEncoding = 4; lastKnownFileType = sourcecode.c.objc; path = DatabaseViewController.m; sourceTree = "<group>"; };
		84AD4B59FDF1478CCE78E2B6 /* libPods-ZBNews.a */ = {isa = PBXFileReference; explicitFileType = archive.ar; includeInIndex = 0; path = "libPods-ZBNews.a"; sourceTree = BUILT_PRODUCTS_DIR; };
		9EE67E6D7E38D28153EFE933 /* Pods-ZBNews.release.xcconfig */ = {isa = PBXFileReference; includeInIndex = 1; lastKnownFileType = text.xcconfig; name = "Pods-ZBNews.release.xcconfig"; path = "Pods/Target Support Files/Pods-ZBNews/Pods-ZBNews.release.xcconfig"; sourceTree = "<group>"; };
/* End PBXFileReference section */

/* Begin PBXFrameworksBuildPhase section */
		7D0339251DDEB4A3001C48A8 /* Frameworks */ = {
			isa = PBXFrameworksBuildPhase;
			buildActionMask = 2147483647;
			files = (
				7D4084B11DE83D370076C1C8 /* libsqlite3.tbd in Frameworks */,
				8E1ED1E7BF1CAB234D1B2E9E /* libPods-ZBNews.a in Frameworks */,
			);
			runOnlyForDeploymentPostprocessing = 0;
		};
		7D03393E1DDEB4A3001C48A8 /* Frameworks */ = {
			isa = PBXFrameworksBuildPhase;
			buildActionMask = 2147483647;
			files = (
			);
			runOnlyForDeploymentPostprocessing = 0;
		};
		7D0339491DDEB4A3001C48A8 /* Frameworks */ = {
			isa = PBXFrameworksBuildPhase;
			buildActionMask = 2147483647;
			files = (
			);
			runOnlyForDeploymentPostprocessing = 0;
		};
/* End PBXFrameworksBuildPhase section */

/* Begin PBXGroup section */
		588ED819E1A943AE7B73D3B4 /* Frameworks */ = {
			isa = PBXGroup;
			children = (
				7D4084B01DE83D370076C1C8 /* libsqlite3.tbd */,
				84AD4B59FDF1478CCE78E2B6 /* libPods-ZBNews.a */,
			);
			name = Frameworks;
			sourceTree = "<group>";
		};
		7D03391F1DDEB4A3001C48A8 = {
			isa = PBXGroup;
			children = (
				7D03392A1DDEB4A3001C48A8 /* ZBNews */,
				7D0339441DDEB4A3001C48A8 /* ZBNewsTests */,
				7D03394F1DDEB4A3001C48A8 /* ZBNewsUITests */,
				7D0339291DDEB4A3001C48A8 /* Products */,
				B388F96073442A5CDB9EDC1F /* Pods */,
				588ED819E1A943AE7B73D3B4 /* Frameworks */,
			);
			sourceTree = "<group>";
		};
		7D0339291DDEB4A3001C48A8 /* Products */ = {
			isa = PBXGroup;
			children = (
				7D0339281DDEB4A3001C48A8 /* ZBNews.app */,
				7D0339411DDEB4A3001C48A8 /* ZBNewsTests.xctest */,
				7D03394C1DDEB4A3001C48A8 /* ZBNewsUITests.xctest */,
			);
			name = Products;
			sourceTree = "<group>";
		};
		7D03392A1DDEB4A3001C48A8 /* ZBNews */ = {
			isa = PBXGroup;
			children = (
				7D03395E1DDEB505001C48A8 /* Classes */,
				7D03392E1DDEB4A3001C48A8 /* AppDelegate.h */,
				7D03392F1DDEB4A3001C48A8 /* AppDelegate.m */,
				7D0339311DDEB4A3001C48A8 /* ViewController.h */,
				7D0339321DDEB4A3001C48A8 /* ViewController.m */,
				7D0339341DDEB4A3001C48A8 /* Main.storyboard */,
				7D0339371DDEB4A3001C48A8 /* Assets.xcassets */,
				7D0339391DDEB4A3001C48A8 /* LaunchScreen.storyboard */,
				7D03393C1DDEB4A3001C48A8 /* Info.plist */,
				7D03392B1DDEB4A3001C48A8 /* Supporting Files */,
				7D0339B01DDECB93001C48A8 /* Language.strings */,
			);
			path = ZBNews;
			sourceTree = "<group>";
		};
		7D03392B1DDEB4A3001C48A8 /* Supporting Files */ = {
			isa = PBXGroup;
			children = (
				7D03392C1DDEB4A3001C48A8 /* main.m */,
			);
			name = "Supporting Files";
			sourceTree = "<group>";
		};
		7D0339441DDEB4A3001C48A8 /* ZBNewsTests */ = {
			isa = PBXGroup;
			children = (
				7D0339451DDEB4A3001C48A8 /* ZBNewsTests.m */,
				7D0339471DDEB4A3001C48A8 /* Info.plist */,
			);
			path = ZBNewsTests;
			sourceTree = "<group>";
		};
		7D03394F1DDEB4A3001C48A8 /* ZBNewsUITests */ = {
			isa = PBXGroup;
			children = (
				7D0339501DDEB4A3001C48A8 /* ZBNewsUITests.m */,
				7D0339521DDEB4A3001C48A8 /* Info.plist */,
			);
			path = ZBNewsUITests;
			sourceTree = "<group>";
		};
		7D03395E1DDEB505001C48A8 /* Classes */ = {
			isa = PBXGroup;
			children = (
				7D0339681DDEB5B2001C48A8 /* Constants */,
				7D03396C1DDEB629001C48A8 /* Libs */,
				7D03396B1DDEB61D001C48A8 /* Utility */,
				7D03396E1DDEB642001C48A8 /* MainViewController */,
				7D0339B51DDEE539001C48A8 /* DetailViewController */,
				7D03396D1DDEB633001C48A8 /* ChannelViewController */,
				7D0339641DDEB57D001C48A8 /* BaseViewController */,
				7D0339631DDEB565001C48A8 /* MeViewController */,
				7D0339621DDEB514001C48A8 /* CustomTabBarController */,
			);
			path = Classes;
			sourceTree = "<group>";
		};
		7D0339621DDEB514001C48A8 /* CustomTabBarController */ = {
			isa = PBXGroup;
			children = (
				7D03395F1DDEB511001C48A8 /* CustomTabBarController.h */,
				7D0339601DDEB511001C48A8 /* CustomTabBarController.m */,
			);
			name = CustomTabBarController;
			sourceTree = "<group>";
		};
		7D0339631DDEB565001C48A8 /* MeViewController */ = {
			isa = PBXGroup;
			children = (
				7DFC38211DFA3FA100E34464 /* view */,
				7DFC38201DFA3F8F00E34464 /* Controller */,
			);
			name = MeViewController;
			sourceTree = "<group>";
		};
		7D0339641DDEB57D001C48A8 /* BaseViewController */ = {
			isa = PBXGroup;
			children = (
				7D35916B1DF571A100CFB52C /* ZBSettingViewController.h */,
				7D35916C1DF571A100CFB52C /* ZBSettingViewController.m */,
				7D0339651DDEB59B001C48A8 /* BaseViewController.h */,
				7D0339661DDEB59B001C48A8 /* BaseViewController.m */,
			);
			name = BaseViewController;
			sourceTree = "<group>";
		};
		7D0339681DDEB5B2001C48A8 /* Constants */ = {
			isa = PBXGroup;
			children = (
				7D0339691DDEB5EF001C48A8 /* Constants.h */,
				7D03396A1DDEB60C001C48A8 /* API_Constants.h */,
				7DC2FB0A1E5ED9E300CEC472 /* menu.plist */,
			);
			name = Constants;
			sourceTree = "<group>";
		};
		7D03396B1DDEB61D001C48A8 /* Utility */ = {
			isa = PBXGroup;
			children = (
				7D09D8C01E5FCC5D00E27C05 /* ZBKit */,
				7D0339951DDEBF5B001C48A8 /* ZBWeatherAnimatedView.h */,
				7D0339961DDEBF5B001C48A8 /* ZBWeatherAnimatedView.m */,
				7D0339971DDEBF5B001C48A8 /* MJChiBaoZiHeader.h */,
				7D0339981DDEBF5B001C48A8 /* MJChiBaoZiHeader.m */,
				7D03398F1DDEBF4B001C48A8 /* DataManager.h */,
				7D0339901DDEBF4B001C48A8 /* DataManager.m */,
				7D0339721DDEB8AA001C48A8 /* MyControlTool.h */,
				7D0339731DDEB8AA001C48A8 /* MyControlTool.m */,
				7D2749791DF68F7800A4205D /* UIViewAdditions.h */,
				7D27497A1DF68F7800A4205D /* UIViewAdditions.m */,
				7D10D95D1DF961DA0095D56C /* MyViewTool.h */,
				7D10D95E1DF961DA0095D56C /* MyViewTool.m */,
				7D09D8BC1E5FCC0900E27C05 /* adData.plist */,
				7D09D8BD1E5FCC0900E27C05 /* adData2.plist */,
			);
			name = Utility;
			sourceTree = "<group>";
		};
		7D03396C1DDEB629001C48A8 /* Libs */ = {
			isa = PBXGroup;
			children = (
				7D0339921DDEBF51001C48A8 /* CKShimmerLabel.h */,
				7D0339931DDEBF51001C48A8 /* CKShimmerLabel.m */,
				7D636CFD1DE6CF7C005CEA52 /* YYWeakProxy.h */,
				7D636CFE1DE6CF7C005CEA52 /* YYWeakProxy.m */,
				7D636D001DE6CFBB005CEA52 /* YYFPSLabel.h */,
				7D636D011DE6CFBB005CEA52 /* YYFPSLabel.m */,
			);
			name = Libs;
			sourceTree = "<group>";
		};
		7D03396D1DDEB633001C48A8 /* ChannelViewController */ = {
			isa = PBXGroup;
			children = (
				7DFC381B1DFA3F1A00E34464 /* Controller */,
				7DFC381D1DFA3F4100E34464 /* Model */,
				7DFC381C1DFA3F3200E34464 /* vilew */,
			);
			name = ChannelViewController;
			sourceTree = "<group>";
		};
		7D03396E1DDEB642001C48A8 /* MainViewController */ = {
			isa = PBXGroup;
			children = (
				7D0339781DDEBB16001C48A8 /* MainViewController.h */,
				7D0339791DDEBB16001C48A8 /* MainViewController.m */,
				7D0339891DDEBE28001C48A8 /* MainModel.h */,
				7D03398A1DDEBE28001C48A8 /* MainModel.m */,
				7D0339A41DDEC2C2001C48A8 /* HeaderAnimatedView.h */,
				7D0339A51DDEC2C2001C48A8 /* HeaderAnimatedView.m */,
			);
			name = MainViewController;
			sourceTree = "<group>";
		};
		7D0339B51DDEE539001C48A8 /* DetailViewController */ = {
			isa = PBXGroup;
			children = (
				7D0339B61DDEE566001C48A8 /* DetailViewController.h */,
				7D0339B71DDEE566001C48A8 /* DetailViewController.m */,
				7DECA30C1E7006D300FC52DD /* CommentsViewController.h */,
				7DECA30D1E7006D300FC52DD /* CommentsViewController.m */,
			);
			name = DetailViewController;
			sourceTree = "<group>";
		};
		7D09D8C01E5FCC5D00E27C05 /* ZBKit */ = {
			isa = PBXGroup;
			children = (
				7DC005C21E6805E30047213C /* ZBAnalytics */,
				7D09D8C11E5FCC5D00E27C05 /* ZBAdvertise */,
				7D09D8C61E5FCC5D00E27C05 /* ZBAnimation */,
				7D09D8CB1E5FCC5D00E27C05 /* ZBBundle */,
				7D09D8CF1E5FCC5D00E27C05 /* ZBDataBase */,
				7D09D8D41E5FCC5D00E27C05 /* ZBImage */,
				7D09D8DB1E5FCC5D00E27C05 /* ZBKit.h */,
				7D09D8DC1E5FCC5D00E27C05 /* ZBNetworking */,
				7D09D8E81E5FCC5D00E27C05 /* ZBTableView */,
				7D09D8EB1E5FCC5D00E27C05 /* ZBTool */,
				7D09D8F81E5FCC5D00E27C05 /* ZBTransition */,
			);
			path = ZBKit;
			sourceTree = "<group>";
		};
		7D09D8C11E5FCC5D00E27C05 /* ZBAdvertise */ = {
			isa = PBXGroup;
			children = (
				7D09D8C21E5FCC5D00E27C05 /* ZBAdvertiseInfo.h */,
				7D09D8C31E5FCC5D00E27C05 /* ZBAdvertiseInfo.m */,
				7D09D8C41E5FCC5D00E27C05 /* ZBAdvertiseView.h */,
				7D09D8C51E5FCC5D00E27C05 /* ZBAdvertiseView.m */,
			);
			path = ZBAdvertise;
			sourceTree = "<group>";
		};
		7D09D8C61E5FCC5D00E27C05 /* ZBAnimation */ = {
			isa = PBXGroup;
			children = (
				7D09D8C71E5FCC5D00E27C05 /* UIView+ZBAnimation.h */,
				7D09D8C81E5FCC5D00E27C05 /* UIView+ZBAnimation.m */,
				7D09D8C91E5FCC5D00E27C05 /* ZBChart.h */,
				7D09D8CA1E5FCC5D00E27C05 /* ZBChart.m */,
			);
			path = ZBAnimation;
			sourceTree = "<group>";
		};
		7D09D8CB1E5FCC5D00E27C05 /* ZBBundle */ = {
			isa = PBXGroup;
			children = (
				7D09D8CC1E5FCC5D00E27C05 /* NSBundle+ZBKit.h */,
				7D09D8CD1E5FCC5D00E27C05 /* NSBundle+ZBKit.m */,
				7D09D8CE1E5FCC5D00E27C05 /* ZBKit.bundle */,
			);
			path = ZBBundle;
			sourceTree = "<group>";
		};
		7D09D8CF1E5FCC5D00E27C05 /* ZBDataBase */ = {
			isa = PBXGroup;
			children = (
				7D09D8D01E5FCC5D00E27C05 /* NSObject+ZBCoding.h */,
				7D09D8D11E5FCC5D00E27C05 /* NSObject+ZBCoding.m */,
				7D09D8D21E5FCC5D00E27C05 /* ZBDataBaseManager.h */,
				7D09D8D31E5FCC5D00E27C05 /* ZBDataBaseManager.m */,
			);
			path = ZBDataBase;
			sourceTree = "<group>";
		};
		7D09D8D41E5FCC5D00E27C05 /* ZBImage */ = {
			isa = PBXGroup;
			children = (
				7D09D8D51E5FCC5D00E27C05 /* UIImage+ZBKit.h */,
				7D09D8D61E5FCC5D00E27C05 /* UIImage+ZBKit.m */,
				7D09D8D71E5FCC5D00E27C05 /* UIImageView+ZBKit.h */,
				7D09D8D81E5FCC5D00E27C05 /* UIImageView+ZBKit.m */,
				7D09D8D91E5FCC5D00E27C05 /* ZBImageDownloader.h */,
				7D09D8DA1E5FCC5D00E27C05 /* ZBImageDownloader.m */,
			);
			path = ZBImage;
			sourceTree = "<group>";
		};
		7D09D8DC1E5FCC5D00E27C05 /* ZBNetworking */ = {
			isa = PBXGroup;
			children = (
				7D09D8DD1E5FCC5D00E27C05 /* NSFileManager+pathMethod.h */,
				7D09D8DE1E5FCC5D00E27C05 /* NSFileManager+pathMethod.m */,
				7D09D8DF1E5FCC5D00E27C05 /* ZBCacheManager.h */,
				7D09D8E01E5FCC5D00E27C05 /* ZBCacheManager.m */,
				7D09D8E11E5FCC5D00E27C05 /* ZBNetworking.h */,
				7D09D8E21E5FCC5D00E27C05 /* ZBNetworkManager.h */,
				7D09D8E31E5FCC5D00E27C05 /* ZBNetworkManager.m */,
				7D09D8E41E5FCC5D00E27C05 /* ZBURLRequest.h */,
				7D09D8E51E5FCC5D00E27C05 /* ZBURLRequest.m */,
				7D09D8E61E5FCC5D00E27C05 /* ZBURLSessionManager.h */,
				7D09D8E71E5FCC5D00E27C05 /* ZBURLSessionManager.m */,
			);
			path = ZBNetworking;
			sourceTree = "<group>";
		};
		7D09D8E81E5FCC5D00E27C05 /* ZBTableView */ = {
			isa = PBXGroup;
			children = (
				7D09D8E91E5FCC5D00E27C05 /* ZBTableViewController.h */,
				7D09D8EA1E5FCC5D00E27C05 /* ZBTableViewController.m */,
			);
			path = ZBTableView;
			sourceTree = "<group>";
		};
		7D09D8EB1E5FCC5D00E27C05 /* ZBTool */ = {
			isa = PBXGroup;
			children = (
				7D09D8EC1E5FCC5D00E27C05 /* ZBConstants.h */,
				7D09D8ED1E5FCC5D00E27C05 /* ZBControlTool.h */,
				7D09D8EE1E5FCC5D00E27C05 /* ZBControlTool.m */,
				7D09D8EF1E5FCC5D00E27C05 /* ZBGlobalSettingsTool.h */,
				7D09D8F01E5FCC5D00E27C05 /* ZBGlobalSettingsTool.m */,
			);
			path = ZBTool;
			sourceTree = "<group>";
		};
		7D09D8F81E5FCC5D00E27C05 /* ZBTransition */ = {
			isa = PBXGroup;
			children = (
				7D09D8F91E5FCC5D00E27C05 /* ZBInteractiveTransition.h */,
				7D09D8FA1E5FCC5D00E27C05 /* ZBInteractiveTransition.m */,
				7D09D8FB1E5FCC5D00E27C05 /* ZBPopTransitioning.h */,
				7D09D8FC1E5FCC5D00E27C05 /* ZBPopTransitioning.m */,
				7D09D8FD1E5FCC5D00E27C05 /* ZBPushTransitioning.h */,
				7D09D8FE1E5FCC5D00E27C05 /* ZBPushTransitioning.m */,
			);
			path = ZBTransition;
			sourceTree = "<group>";
		};
		7DC005C21E6805E30047213C /* ZBAnalytics */ = {
			isa = PBXGroup;
			children = (
				7DC005C31E6805E30047213C /* UIAlertAction+ZBAnalytics.h */,
				7DC005C41E6805E30047213C /* UIAlertAction+ZBAnalytics.m */,
				7DC005C51E6805E30047213C /* UIApplication+ZBAnalytics.h */,
				7DC005C61E6805E30047213C /* UIApplication+ZBAnalytics.m */,
				7DC005C71E6805E30047213C /* UIControl+ZBAnalytics.h */,
				7DC005C81E6805E30047213C /* UIControl+ZBAnalytics.m */,
				7DC005C91E6805E30047213C /* UIGestureRecognizer+ZBAnalytics.h */,
				7DC005CA1E6805E30047213C /* UIGestureRecognizer+ZBAnalytics.m */,
				7DC005CB1E6805E30047213C /* UIViewController+ZBAnalytics.h */,
				7DC005CC1E6805E30047213C /* UIViewController+ZBAnalytics.m */,
				7DC005CD1E6805E30047213C /* ZBAnalytics.h */,
				7DC005CE1E6805E30047213C /* ZBAnalytics.m */,
			);
			path = ZBAnalytics;
			sourceTree = "<group>";
		};
		7DFC381A1DFA3EDC00E34464 /* SettingsViewController */ = {
			isa = PBXGroup;
			children = (
				7D2749741DF671AF00A4205D /* GlobalSettingsTool.h */,
				7D2749751DF671AF00A4205D /* GlobalSettingsTool.m */,
				7D35916E1DF572AB00CFB52C /* SettingsViewController.h */,
				7D35916F1DF572AB00CFB52C /* SettingsViewController.m */,
			);
			name = SettingsViewController;
			sourceTree = "<group>";
		};
		7DFC381B1DFA3F1A00E34464 /* Controller */ = {
			isa = PBXGroup;
			children = (
				7D03399E1DDEBFA8001C48A8 /* ChannelViewController.h */,
				7D03399F1DDEBFA8001C48A8 /* ChannelViewController.m */,
			);
			name = Controller;
			sourceTree = "<group>";
		};
		7DFC381C1DFA3F3200E34464 /* vilew */ = {
			isa = PBXGroup;
			children = (
				7D0339B91DDF04A3001C48A8 /* ChannelBranchTableViewCell.h */,
				7D0339BA1DDF04A3001C48A8 /* ChannelBranchTableViewCell.m */,
				7D03399B1DDEBF84001C48A8 /* ChannelTableViewCell.h */,
				7D03399C1DDEBF84001C48A8 /* ChannelTableViewCell.m */,
			);
			name = vilew;
			sourceTree = "<group>";
		};
		7DFC381D1DFA3F4100E34464 /* Model */ = {
			isa = PBXGroup;
			children = (
				7D0339A11DDEBFE8001C48A8 /* ChannelModel.h */,
				7D0339A21DDEBFE8001C48A8 /* ChannelModel.m */,
			);
			name = Model;
			sourceTree = "<group>";
		};
		7DFC381E1DFA3F6A00E34464 /* SearchListViewController */ = {
			isa = PBXGroup;
			children = (
				7D1F83BF1DED89B000D1E70F /* SearchListViewController.h */,
				7D1F83C01DED89B000D1E70F /* SearchListViewController.m */,
			);
			name = SearchListViewController;
			sourceTree = "<group>";
		};
		7DFC381F1DFA3F8000E34464 /* offlineViewController */ = {
			isa = PBXGroup;
			children = (
				7D10D9571DF90F580095D56C /* offlineViewController.h */,
				7D10D9581DF90F580095D56C /* offlineViewController.m */,
			);
			name = offlineViewController;
			sourceTree = "<group>";
		};
		7DFC38201DFA3F8F00E34464 /* Controller */ = {
			isa = PBXGroup;
			children = (
				7DFC381F1DFA3F8000E34464 /* offlineViewController */,
				7DFC381E1DFA3F6A00E34464 /* SearchListViewController */,
				7DFC381A1DFA3EDC00E34464 /* SettingsViewController */,
				7D0339B21DDECC37001C48A8 /* LanguageViewController.h */,
				7D0339B31DDECC37001C48A8 /* LanguageViewController.m */,
				7D22BB401DF1585D00208CA4 /* CalendarViewController.h */,
				7D22BB411DF1585D00208CA4 /* CalendarViewController.m */,
				7D03396F1DDEB65C001C48A8 /* MeViewController.h */,
				7D0339701DDEB65C001C48A8 /* MeViewController.m */,
				7DFC382C1DFA968900E34464 /* DatabaseViewController.h */,
				7DFC382D1DFA968900E34464 /* DatabaseViewController.m */,
			);
			name = Controller;
			sourceTree = "<group>";
		};
		7DFC38211DFA3FA100E34464 /* view */ = {
			isa = PBXGroup;
			children = (
				7D10D95A1DF918F50095D56C /* OfflineView.h */,
				7D10D95B1DF918F50095D56C /* OfflineView.m */,
				7D10D9541DF9031F0095D56C /* HeadsPicture.h */,
				7D10D9551DF9031F0095D56C /* HeadsPicture.m */,
				7D0339751DDEB8E5001C48A8 /* MeTableViewCell.h */,
				7D0339761DDEB8E5001C48A8 /* MeTableViewCell.m */,
			);
			name = view;
			sourceTree = "<group>";
		};
		B388F96073442A5CDB9EDC1F /* Pods */ = {
			isa = PBXGroup;
			children = (
				607ED2848F8D2817B0C3B867 /* Pods-ZBNews.debug.xcconfig */,
				9EE67E6D7E38D28153EFE933 /* Pods-ZBNews.release.xcconfig */,
			);
			name = Pods;
			sourceTree = "<group>";
		};
/* End PBXGroup section */

/* Begin PBXNativeTarget section */
		7D0339271DDEB4A3001C48A8 /* ZBNews */ = {
			isa = PBXNativeTarget;
			buildConfigurationList = 7D0339551DDEB4A3001C48A8 /* Build configuration list for PBXNativeTarget "ZBNews" */;
			buildPhases = (
				A6105AFFE7621BFFAFE504FA /* [CP] Check Pods Manifest.lock */,
				7D0339241DDEB4A3001C48A8 /* Sources */,
				7D0339251DDEB4A3001C48A8 /* Frameworks */,
				7D0339261DDEB4A3001C48A8 /* Resources */,
				8022B6D7F08C6584C97D45FF /* [CP] Embed Pods Frameworks */,
				2A758CF9197B90A3D7EBCDBD /* [CP] Copy Pods Resources */,
			);
			buildRules = (
			);
			dependencies = (
			);
			name = ZBNews;
			productName = ZBNews;
			productReference = 7D0339281DDEB4A3001C48A8 /* ZBNews.app */;
			productType = "com.apple.product-type.application";
		};
		7D0339401DDEB4A3001C48A8 /* ZBNewsTests */ = {
			isa = PBXNativeTarget;
			buildConfigurationList = 7D0339581DDEB4A3001C48A8 /* Build configuration list for PBXNativeTarget "ZBNewsTests" */;
			buildPhases = (
				7D03393D1DDEB4A3001C48A8 /* Sources */,
				7D03393E1DDEB4A3001C48A8 /* Frameworks */,
				7D03393F1DDEB4A3001C48A8 /* Resources */,
			);
			buildRules = (
			);
			dependencies = (
				7D0339431DDEB4A3001C48A8 /* PBXTargetDependency */,
			);
			name = ZBNewsTests;
			productName = ZBNewsTests;
			productReference = 7D0339411DDEB4A3001C48A8 /* ZBNewsTests.xctest */;
			productType = "com.apple.product-type.bundle.unit-test";
		};
		7D03394B1DDEB4A3001C48A8 /* ZBNewsUITests */ = {
			isa = PBXNativeTarget;
			buildConfigurationList = 7D03395B1DDEB4A3001C48A8 /* Build configuration list for PBXNativeTarget "ZBNewsUITests" */;
			buildPhases = (
				7D0339481DDEB4A3001C48A8 /* Sources */,
				7D0339491DDEB4A3001C48A8 /* Frameworks */,
				7D03394A1DDEB4A3001C48A8 /* Resources */,
			);
			buildRules = (
			);
			dependencies = (
				7D03394E1DDEB4A3001C48A8 /* PBXTargetDependency */,
			);
			name = ZBNewsUITests;
			productName = ZBNewsUITests;
			productReference = 7D03394C1DDEB4A3001C48A8 /* ZBNewsUITests.xctest */;
			productType = "com.apple.product-type.bundle.ui-testing";
		};
/* End PBXNativeTarget section */

/* Begin PBXProject section */
		7D0339201DDEB4A3001C48A8 /* Project object */ = {
			isa = PBXProject;
			attributes = {
				LastUpgradeCheck = 0810;
				ORGANIZATIONNAME = Suzhibin;
				TargetAttributes = {
					7D0339271DDEB4A3001C48A8 = {
						CreatedOnToolsVersion = 8.1;
						ProvisioningStyle = Automatic;
					};
					7D0339401DDEB4A3001C48A8 = {
						CreatedOnToolsVersion = 8.1;
						ProvisioningStyle = Automatic;
						TestTargetID = 7D0339271DDEB4A3001C48A8;
					};
					7D03394B1DDEB4A3001C48A8 = {
						CreatedOnToolsVersion = 8.1;
						ProvisioningStyle = Automatic;
						TestTargetID = 7D0339271DDEB4A3001C48A8;
					};
				};
			};
			buildConfigurationList = 7D0339231DDEB4A3001C48A8 /* Build configuration list for PBXProject "ZBNews" */;
			compatibilityVersion = "Xcode 3.2";
			developmentRegion = English;
			hasScannedForEncodings = 0;
			knownRegions = (
				en,
				Base,
				"zh-Hans",
			);
			mainGroup = 7D03391F1DDEB4A3001C48A8;
			productRefGroup = 7D0339291DDEB4A3001C48A8 /* Products */;
			projectDirPath = "";
			projectRoot = "";
			targets = (
				7D0339271DDEB4A3001C48A8 /* ZBNews */,
				7D0339401DDEB4A3001C48A8 /* ZBNewsTests */,
				7D03394B1DDEB4A3001C48A8 /* ZBNewsUITests */,
			);
		};
/* End PBXProject section */

/* Begin PBXResourcesBuildPhase section */
		7D0339261DDEB4A3001C48A8 /* Resources */ = {
			isa = PBXResourcesBuildPhase;
			buildActionMask = 2147483647;
			files = (
				7D09D9041E5FCC5D00E27C05 /* ZBKit.bundle in Resources */,
				7DC2FB0B1E5ED9E300CEC472 /* menu.plist in Resources */,
				7D09D8BF1E5FCC0900E27C05 /* adData2.plist in Resources */,
				7D0339AE1DDECB93001C48A8 /* Language.strings in Resources */,
				7D03393B1DDEB4A3001C48A8 /* LaunchScreen.storyboard in Resources */,
				7D0339381DDEB4A3001C48A8 /* Assets.xcassets in Resources */,
				7D0339361DDEB4A3001C48A8 /* Main.storyboard in Resources */,
				7D09D8BE1E5FCC0900E27C05 /* adData.plist in Resources */,
			);
			runOnlyForDeploymentPostprocessing = 0;
		};
		7D03393F1DDEB4A3001C48A8 /* Resources */ = {
			isa = PBXResourcesBuildPhase;
			buildActionMask = 2147483647;
			files = (
			);
			runOnlyForDeploymentPostprocessing = 0;
		};
		7D03394A1DDEB4A3001C48A8 /* Resources */ = {
			isa = PBXResourcesBuildPhase;
			buildActionMask = 2147483647;
			files = (
			);
			runOnlyForDeploymentPostprocessing = 0;
		};
/* End PBXResourcesBuildPhase section */

/* Begin PBXShellScriptBuildPhase section */
		2A758CF9197B90A3D7EBCDBD /* [CP] Copy Pods Resources */ = {
			isa = PBXShellScriptBuildPhase;
			buildActionMask = 2147483647;
			files = (
			);
			inputPaths = (
			);
			name = "[CP] Copy Pods Resources";
			outputPaths = (
			);
			runOnlyForDeploymentPostprocessing = 0;
			shellPath = /bin/sh;
			shellScript = "\"${SRCROOT}/Pods/Target Support Files/Pods-ZBNews/Pods-ZBNews-resources.sh\"\n";
			showEnvVarsInLog = 0;
		};
		8022B6D7F08C6584C97D45FF /* [CP] Embed Pods Frameworks */ = {
			isa = PBXShellScriptBuildPhase;
			buildActionMask = 2147483647;
			files = (
			);
			inputPaths = (
			);
			name = "[CP] Embed Pods Frameworks";
			outputPaths = (
			);
			runOnlyForDeploymentPostprocessing = 0;
			shellPath = /bin/sh;
			shellScript = "\"${SRCROOT}/Pods/Target Support Files/Pods-ZBNews/Pods-ZBNews-frameworks.sh\"\n";
			showEnvVarsInLog = 0;
		};
		A6105AFFE7621BFFAFE504FA /* [CP] Check Pods Manifest.lock */ = {
			isa = PBXShellScriptBuildPhase;
			buildActionMask = 2147483647;
			files = (
			);
			inputPaths = (
			);
			name = "[CP] Check Pods Manifest.lock";
			outputPaths = (
			);
			runOnlyForDeploymentPostprocessing = 0;
			shellPath = /bin/sh;
			shellScript = "diff \"${PODS_ROOT}/../Podfile.lock\" \"${PODS_ROOT}/Manifest.lock\" > /dev/null\nif [ $? != 0 ] ; then\n    # print error to STDERR\n    echo \"error: The sandbox is not in sync with the Podfile.lock. Run 'pod install' or update your CocoaPods installation.\" >&2\n    exit 1\nfi\n";
			showEnvVarsInLog = 0;
		};
/* End PBXShellScriptBuildPhase section */

/* Begin PBXSourcesBuildPhase section */
		7D0339241DDEB4A3001C48A8 /* Sources */ = {
			isa = PBXSourcesBuildPhase;
			buildActionMask = 2147483647;
			files = (
				7D03399A1DDEBF5B001C48A8 /* MJChiBaoZiHeader.m in Sources */,
				7DC005D21E6805E30047213C /* UIGestureRecognizer+ZBAnalytics.m in Sources */,
				7DC005CF1E6805E30047213C /* UIAlertAction+ZBAnalytics.m in Sources */,
				7D0339711DDEB65C001C48A8 /* MeViewController.m in Sources */,
				7D10D9591DF90F580095D56C /* offlineViewController.m in Sources */,
				7D10D95C1DF918F50095D56C /* OfflineView.m in Sources */,
				7DECA30E1E7006D300FC52DD /* CommentsViewController.m in Sources */,
				7DC005D41E6805E30047213C /* ZBAnalytics.m in Sources */,
				7D0339B41DDECC37001C48A8 /* LanguageViewController.m in Sources */,
				7D09D9031E5FCC5D00E27C05 /* NSBundle+ZBKit.m in Sources */,
				7D0339771DDEB8E5001C48A8 /* MeTableViewCell.m in Sources */,
				7D0339331DDEB4A3001C48A8 /* ViewController.m in Sources */,
				7D1F83C11DED89B000D1E70F /* SearchListViewController.m in Sources */,
				7DFC382E1DFA968900E34464 /* DatabaseViewController.m in Sources */,
				7D10D9561DF9031F0095D56C /* HeadsPicture.m in Sources */,
				7D09D9021E5FCC5D00E27C05 /* ZBChart.m in Sources */,
				7D22BB421DF1585D00208CA4 /* CalendarViewController.m in Sources */,
				7D09D9051E5FCC5D00E27C05 /* NSObject+ZBCoding.m in Sources */,
				7D09D90A1E5FCC5D00E27C05 /* NSFileManager+pathMethod.m in Sources */,
				7D09D90C1E5FCC5D00E27C05 /* ZBNetworkManager.m in Sources */,
				7D0339671DDEB59B001C48A8 /* BaseViewController.m in Sources */,
				7D03397A1DDEBB16001C48A8 /* MainViewController.m in Sources */,
				7D09D9171E5FCC5D00E27C05 /* ZBPushTransitioning.m in Sources */,
				7D0339A01DDEBFA8001C48A8 /* ChannelViewController.m in Sources */,
				7D0339741DDEB8AA001C48A8 /* MyControlTool.m in Sources */,
				7D09D9091E5FCC5D00E27C05 /* ZBImageDownloader.m in Sources */,
				7D03398B1DDEBE28001C48A8 /* MainModel.m in Sources */,
				7DC005D31E6805E30047213C /* UIViewController+ZBAnalytics.m in Sources */,
				7D09D9081E5FCC5D00E27C05 /* UIImageView+ZBKit.m in Sources */,
				7D09D9011E5FCC5D00E27C05 /* UIView+ZBAnimation.m in Sources */,
				7D35916D1DF571A100CFB52C /* ZBSettingViewController.m in Sources */,
				7D03399D1DDEBF84001C48A8 /* ChannelTableViewCell.m in Sources */,
				7D0339B81DDEE566001C48A8 /* DetailViewController.m in Sources */,
				7D27497B1DF68F7800A4205D /* UIViewAdditions.m in Sources */,
				7D09D9001E5FCC5D00E27C05 /* ZBAdvertiseView.m in Sources */,
				7D2749761DF671AF00A4205D /* GlobalSettingsTool.m in Sources */,
				7DC005D01E6805E30047213C /* UIApplication+ZBAnalytics.m in Sources */,
				7D09D9101E5FCC5D00E27C05 /* ZBControlTool.m in Sources */,
				7D0339301DDEB4A3001C48A8 /* AppDelegate.m in Sources */,
				7D09D90F1E5FCC5D00E27C05 /* ZBTableViewController.m in Sources */,
				7D09D9161E5FCC5D00E27C05 /* ZBPopTransitioning.m in Sources */,
				7D09D9061E5FCC5D00E27C05 /* ZBDataBaseManager.m in Sources */,
				7D09D9071E5FCC5D00E27C05 /* UIImage+ZBKit.m in Sources */,
				7D09D8FF1E5FCC5D00E27C05 /* ZBAdvertiseInfo.m in Sources */,
				7D636D021DE6CFBB005CEA52 /* YYFPSLabel.m in Sources */,
				7D0339BB1DDF04A3001C48A8 /* ChannelBranchTableViewCell.m in Sources */,
				7D0339611DDEB511001C48A8 /* CustomTabBarController.m in Sources */,
				7D09D90B1E5FCC5D00E27C05 /* ZBCacheManager.m in Sources */,
				7D0339A61DDEC2C2001C48A8 /* HeaderAnimatedView.m in Sources */,
				7D0339911DDEBF4B001C48A8 /* DataManager.m in Sources */,
				7D10D95F1DF961DA0095D56C /* MyViewTool.m in Sources */,
				7D09D90E1E5FCC5D00E27C05 /* ZBURLSessionManager.m in Sources */,
				7D0339A31DDEBFE8001C48A8 /* ChannelModel.m in Sources */,
				7D636CFF1DE6CF7C005CEA52 /* YYWeakProxy.m in Sources */,
				7D09D90D1E5FCC5D00E27C05 /* ZBURLRequest.m in Sources */,
				7D09D9111E5FCC5D00E27C05 /* ZBGlobalSettingsTool.m in Sources */,
				7DC005D11E6805E30047213C /* UIControl+ZBAnalytics.m in Sources */,
				7D0339941DDEBF51001C48A8 /* CKShimmerLabel.m in Sources */,
				7D0339991DDEBF5B001C48A8 /* ZBWeatherAnimatedView.m in Sources */,
				7D3591701DF572AB00CFB52C /* SettingsViewController.m in Sources */,
				7D09D9151E5FCC5D00E27C05 /* ZBInteractiveTransition.m in Sources */,
				7D03392D1DDEB4A3001C48A8 /* main.m in Sources */,
			);
			runOnlyForDeploymentPostprocessing = 0;
		};
		7D03393D1DDEB4A3001C48A8 /* Sources */ = {
			isa = PBXSourcesBuildPhase;
			buildActionMask = 2147483647;
			files = (
				7D0339461DDEB4A3001C48A8 /* ZBNewsTests.m in Sources */,
			);
			runOnlyForDeploymentPostprocessing = 0;
		};
		7D0339481DDEB4A3001C48A8 /* Sources */ = {
			isa = PBXSourcesBuildPhase;
			buildActionMask = 2147483647;
			files = (
				7D0339511DDEB4A3001C48A8 /* ZBNewsUITests.m in Sources */,
			);
			runOnlyForDeploymentPostprocessing = 0;
		};
/* End PBXSourcesBuildPhase section */

/* Begin PBXTargetDependency section */
		7D0339431DDEB4A3001C48A8 /* PBXTargetDependency */ = {
			isa = PBXTargetDependency;
			target = 7D0339271DDEB4A3001C48A8 /* ZBNews */;
			targetProxy = 7D0339421DDEB4A3001C48A8 /* PBXContainerItemProxy */;
		};
		7D03394E1DDEB4A3001C48A8 /* PBXTargetDependency */ = {
			isa = PBXTargetDependency;
			target = 7D0339271DDEB4A3001C48A8 /* ZBNews */;
			targetProxy = 7D03394D1DDEB4A3001C48A8 /* PBXContainerItemProxy */;
		};
/* End PBXTargetDependency section */

/* Begin PBXVariantGroup section */
		7D0339341DDEB4A3001C48A8 /* Main.storyboard */ = {
			isa = PBXVariantGroup;
			children = (
				7D0339351DDEB4A3001C48A8 /* Base */,
			);
			name = Main.storyboard;
			sourceTree = "<group>";
		};
		7D0339391DDEB4A3001C48A8 /* LaunchScreen.storyboard */ = {
			isa = PBXVariantGroup;
			children = (
				7D03393A1DDEB4A3001C48A8 /* Base */,
			);
			name = LaunchScreen.storyboard;
			sourceTree = "<group>";
		};
		7D0339B01DDECB93001C48A8 /* Language.strings */ = {
			isa = PBXVariantGroup;
			children = (
				7D0339AF1DDECB93001C48A8 /* en */,
				7D0339B11DDECBB6001C48A8 /* zh-Hans */,
			);
			name = Language.strings;
			sourceTree = "<group>";
		};
/* End PBXVariantGroup section */

/* Begin XCBuildConfiguration section */
		7D0339531DDEB4A3001C48A8 /* Debug */ = {
			isa = XCBuildConfiguration;
			buildSettings = {
				ALWAYS_SEARCH_USER_PATHS = NO;
				CLANG_ANALYZER_LOCALIZABILITY_NONLOCALIZED = YES;
				CLANG_ANALYZER_NONNULL = YES;
				CLANG_CXX_LANGUAGE_STANDARD = "gnu++0x";
				CLANG_CXX_LIBRARY = "libc++";
				CLANG_ENABLE_MODULES = YES;
				CLANG_ENABLE_OBJC_ARC = YES;
				CLANG_WARN_BOOL_CONVERSION = YES;
				CLANG_WARN_CONSTANT_CONVERSION = YES;
				CLANG_WARN_DIRECT_OBJC_ISA_USAGE = YES_ERROR;
				CLANG_WARN_DOCUMENTATION_COMMENTS = YES;
				CLANG_WARN_EMPTY_BODY = YES;
				CLANG_WARN_ENUM_CONVERSION = YES;
				CLANG_WARN_INFINITE_RECURSION = YES;
				CLANG_WARN_INT_CONVERSION = YES;
				CLANG_WARN_OBJC_ROOT_CLASS = YES_ERROR;
				CLANG_WARN_SUSPICIOUS_MOVES = YES;
				CLANG_WARN_UNREACHABLE_CODE = YES;
				CLANG_WARN__DUPLICATE_METHOD_MATCH = YES;
				"CODE_SIGN_IDENTITY[sdk=iphoneos*]" = "iPhone Developer";
				COPY_PHASE_STRIP = NO;
				DEBUG_INFORMATION_FORMAT = dwarf;
				ENABLE_STRICT_OBJC_MSGSEND = YES;
				ENABLE_TESTABILITY = YES;
				GCC_C_LANGUAGE_STANDARD = gnu99;
				GCC_DYNAMIC_NO_PIC = NO;
				GCC_NO_COMMON_BLOCKS = YES;
				GCC_OPTIMIZATION_LEVEL = 0;
				GCC_PREPROCESSOR_DEFINITIONS = (
					"DEBUG=1",
					"$(inherited)",
				);
				GCC_WARN_64_TO_32_BIT_CONVERSION = YES;
				GCC_WARN_ABOUT_RETURN_TYPE = YES_ERROR;
				GCC_WARN_UNDECLARED_SELECTOR = YES;
				GCC_WARN_UNINITIALIZED_AUTOS = YES_AGGRESSIVE;
				GCC_WARN_UNUSED_FUNCTION = YES;
				GCC_WARN_UNUSED_VARIABLE = YES;
				IPHONEOS_DEPLOYMENT_TARGET = 8.0;
				MTL_ENABLE_DEBUG_INFO = YES;
				ONLY_ACTIVE_ARCH = YES;
				SDKROOT = iphoneos;
				TARGETED_DEVICE_FAMILY = "1,2";
			};
			name = Debug;
		};
		7D0339541DDEB4A3001C48A8 /* Release */ = {
			isa = XCBuildConfiguration;
			buildSettings = {
				ALWAYS_SEARCH_USER_PATHS = NO;
				CLANG_ANALYZER_LOCALIZABILITY_NONLOCALIZED = YES;
				CLANG_ANALYZER_NONNULL = YES;
				CLANG_CXX_LANGUAGE_STANDARD = "gnu++0x";
				CLANG_CXX_LIBRARY = "libc++";
				CLANG_ENABLE_MODULES = YES;
				CLANG_ENABLE_OBJC_ARC = YES;
				CLANG_WARN_BOOL_CONVERSION = YES;
				CLANG_WARN_CONSTANT_CONVERSION = YES;
				CLANG_WARN_DIRECT_OBJC_ISA_USAGE = YES_ERROR;
				CLANG_WARN_DOCUMENTATION_COMMENTS = YES;
				CLANG_WARN_EMPTY_BODY = YES;
				CLANG_WARN_ENUM_CONVERSION = YES;
				CLANG_WARN_INFINITE_RECURSION = YES;
				CLANG_WARN_INT_CONVERSION = YES;
				CLANG_WARN_OBJC_ROOT_CLASS = YES_ERROR;
				CLANG_WARN_SUSPICIOUS_MOVES = YES;
				CLANG_WARN_UNREACHABLE_CODE = YES;
				CLANG_WARN__DUPLICATE_METHOD_MATCH = YES;
				"CODE_SIGN_IDENTITY[sdk=iphoneos*]" = "iPhone Developer";
				COPY_PHASE_STRIP = NO;
				DEBUG_INFORMATION_FORMAT = "dwarf-with-dsym";
				ENABLE_NS_ASSERTIONS = NO;
				ENABLE_STRICT_OBJC_MSGSEND = YES;
				GCC_C_LANGUAGE_STANDARD = gnu99;
				GCC_NO_COMMON_BLOCKS = YES;
				GCC_WARN_64_TO_32_BIT_CONVERSION = YES;
				GCC_WARN_ABOUT_RETURN_TYPE = YES_ERROR;
				GCC_WARN_UNDECLARED_SELECTOR = YES;
				GCC_WARN_UNINITIALIZED_AUTOS = YES_AGGRESSIVE;
				GCC_WARN_UNUSED_FUNCTION = YES;
				GCC_WARN_UNUSED_VARIABLE = YES;
				IPHONEOS_DEPLOYMENT_TARGET = 8.0;
				MTL_ENABLE_DEBUG_INFO = NO;
				SDKROOT = iphoneos;
				TARGETED_DEVICE_FAMILY = "1,2";
				VALIDATE_PRODUCT = YES;
			};
			name = Release;
		};
		7D0339561DDEB4A3001C48A8 /* Debug */ = {
			isa = XCBuildConfiguration;
			baseConfigurationReference = 607ED2848F8D2817B0C3B867 /* Pods-ZBNews.debug.xcconfig */;
			buildSettings = {
				ASSETCATALOG_COMPILER_APPICON_NAME = AppIcon;
				INFOPLIST_FILE = ZBNews/Info.plist;
				IPHONEOS_DEPLOYMENT_TARGET = 8.0;
				LD_RUNPATH_SEARCH_PATHS = "$(inherited) @executable_path/Frameworks";
				PRODUCT_BUNDLE_IDENTIFIER = "github.com-Suzhibin.ZBNews";
				PRODUCT_NAME = "$(TARGET_NAME)";
			};
			name = Debug;
		};
		7D0339571DDEB4A3001C48A8 /* Release */ = {
			isa = XCBuildConfiguration;
			baseConfigurationReference = 9EE67E6D7E38D28153EFE933 /* Pods-ZBNews.release.xcconfig */;
			buildSettings = {
				ASSETCATALOG_COMPILER_APPICON_NAME = AppIcon;
				INFOPLIST_FILE = ZBNews/Info.plist;
				IPHONEOS_DEPLOYMENT_TARGET = 8.0;
				LD_RUNPATH_SEARCH_PATHS = "$(inherited) @executable_path/Frameworks";
				PRODUCT_BUNDLE_IDENTIFIER = "github.com-Suzhibin.ZBNews";
				PRODUCT_NAME = "$(TARGET_NAME)";
			};
			name = Release;
		};
		7D0339591DDEB4A3001C48A8 /* Debug */ = {
			isa = XCBuildConfiguration;
			buildSettings = {
				BUNDLE_LOADER = "$(TEST_HOST)";
				INFOPLIST_FILE = ZBNewsTests/Info.plist;
				LD_RUNPATH_SEARCH_PATHS = "$(inherited) @executable_path/Frameworks @loader_path/Frameworks";
				PRODUCT_BUNDLE_IDENTIFIER = "github.com-Suzhibin.ZBNewsTests";
				PRODUCT_NAME = "$(TARGET_NAME)";
				TEST_HOST = "$(BUILT_PRODUCTS_DIR)/ZBNews.app/ZBNews";
			};
			name = Debug;
		};
		7D03395A1DDEB4A3001C48A8 /* Release */ = {
			isa = XCBuildConfiguration;
			buildSettings = {
				BUNDLE_LOADER = "$(TEST_HOST)";
				INFOPLIST_FILE = ZBNewsTests/Info.plist;
				LD_RUNPATH_SEARCH_PATHS = "$(inherited) @executable_path/Frameworks @loader_path/Frameworks";
				PRODUCT_BUNDLE_IDENTIFIER = "github.com-Suzhibin.ZBNewsTests";
				PRODUCT_NAME = "$(TARGET_NAME)";
				TEST_HOST = "$(BUILT_PRODUCTS_DIR)/ZBNews.app/ZBNews";
			};
			name = Release;
		};
		7D03395C1DDEB4A3001C48A8 /* Debug */ = {
			isa = XCBuildConfiguration;
			buildSettings = {
				INFOPLIST_FILE = ZBNewsUITests/Info.plist;
				LD_RUNPATH_SEARCH_PATHS = "$(inherited) @executable_path/Frameworks @loader_path/Frameworks";
				PRODUCT_BUNDLE_IDENTIFIER = "github.com-Suzhibin.ZBNewsUITests";
				PRODUCT_NAME = "$(TARGET_NAME)";
				TEST_TARGET_NAME = ZBNews;
			};
			name = Debug;
		};
		7D03395D1DDEB4A3001C48A8 /* Release */ = {
			isa = XCBuildConfiguration;
			buildSettings = {
				INFOPLIST_FILE = ZBNewsUITests/Info.plist;
				LD_RUNPATH_SEARCH_PATHS = "$(inherited) @executable_path/Frameworks @loader_path/Frameworks";
				PRODUCT_BUNDLE_IDENTIFIER = "github.com-Suzhibin.ZBNewsUITests";
				PRODUCT_NAME = "$(TARGET_NAME)";
				TEST_TARGET_NAME = ZBNews;
			};
			name = Release;
		};
/* End XCBuildConfiguration section */

/* Begin XCConfigurationList section */
		7D0339231DDEB4A3001C48A8 /* Build configuration list for PBXProject "ZBNews" */ = {
			isa = XCConfigurationList;
			buildConfigurations = (
				7D0339531DDEB4A3001C48A8 /* Debug */,
				7D0339541DDEB4A3001C48A8 /* Release */,
			);
			defaultConfigurationIsVisible = 0;
			defaultConfigurationName = Release;
		};
		7D0339551DDEB4A3001C48A8 /* Build configuration list for PBXNativeTarget "ZBNews" */ = {
			isa = XCConfigurationList;
			buildConfigurations = (
				7D0339561DDEB4A3001C48A8 /* Debug */,
				7D0339571DDEB4A3001C48A8 /* Release */,
			);
			defaultConfigurationIsVisible = 0;
			defaultConfigurationName = Release;
		};
		7D0339581DDEB4A3001C48A8 /* Build configuration list for PBXNativeTarget "ZBNewsTests" */ = {
			isa = XCConfigurationList;
			buildConfigurations = (
				7D0339591DDEB4A3001C48A8 /* Debug */,
				7D03395A1DDEB4A3001C48A8 /* Release */,
			);
			defaultConfigurationIsVisible = 0;
			defaultConfigurationName = Release;
		};
		7D03395B1DDEB4A3001C48A8 /* Build configuration list for PBXNativeTarget "ZBNewsUITests" */ = {
			isa = XCConfigurationList;
			buildConfigurations = (
				7D03395C1DDEB4A3001C48A8 /* Debug */,
				7D03395D1DDEB4A3001C48A8 /* Release */,
			);
			defaultConfigurationIsVisible = 0;
			defaultConfigurationName = Release;
		};
/* End XCConfigurationList section */
	};
	rootObject = 7D0339201DDEB4A3001C48A8 /* Project object */;
}
