// !$*UTF8*$!
{
	archiveVersion = 1;
	classes = {
	};
	objectVersion = 46;
	objects = {

/* Begin PBXBuildFile section */
		52C2C4B0BCE9AEA315667450 /* Pods_ZBNews.framework in Frameworks */ = {isa = PBXBuildFile; fileRef = DEC1615C4BD8F7962001874B /* Pods_ZBNews.framework */; };
		7D03392D1DDEB4A3001C48A8 /* main.m in Sources */ = {isa = PBXBuildFile; fileRef = 7D03392C1DDEB4A3001C48A8 /* main.m */; };
		7D0339301DDEB4A3001C48A8 /* AppDelegate.m in Sources */ = {isa = PBXBuildFile; fileRef = 7D03392F1DDEB4A3001C48A8 /* AppDelegate.m */; };
		7D0339331DDEB4A3001C48A8 /* ViewController.m in Sources */ = {isa = PBXBuildFile; fileRef = 7D0339321DDEB4A3001C48A8 /* ViewController.m */; };
		7D0339361DDEB4A3001C48A8 /* Main.storyboard in Resources */ = {isa = PBXBuildFile; fileRef = 7D0339341DDEB4A3001C48A8 /* Main.storyboard */; };
		7D0339381DDEB4A3001C48A8 /* Assets.xcassets in Resources */ = {isa = PBXBuildFile; fileRef = 7D0339371DDEB4A3001C48A8 /* Assets.xcassets */; };
		7D03393B1DDEB4A3001C48A8 /* LaunchScreen.storyboard in Resources */ = {isa = PBXBuildFile; fileRef = 7D0339391DDEB4A3001C48A8 /* LaunchScreen.storyboard */; };
		7D0339461DDEB4A3001C48A8 /* ZBNewsTests.m in Sources */ = {isa = PBXBuildFile; fileRef = 7D0339451DDEB4A3001C48A8 /* ZBNewsTests.m */; };
		7D0339511DDEB4A3001C48A8 /* ZBNewsUITests.m in Sources */ = {isa = PBXBuildFile; fileRef = 7D0339501DDEB4A3001C48A8 /* ZBNewsUITests.m */; };
		7D0339AE1DDECB93001C48A8 /* Language.strings in Resources */ = {isa = PBXBuildFile; fileRef = 7D0339B01DDECB93001C48A8 /* Language.strings */; };
		7D2346EC20CF921500147762 /* BaseModel.m in Sources */ = {isa = PBXBuildFile; fileRef = 7D2346E220CF921500147762 /* BaseModel.m */; };
		7D2346ED20CF921500147762 /* BaseTableViewCell.m in Sources */ = {isa = PBXBuildFile; fileRef = 7D2346E520CF921500147762 /* BaseTableViewCell.m */; };
		7D2346EE20CF921500147762 /* BaseViewController.m in Sources */ = {isa = PBXBuildFile; fileRef = 7D2346E820CF921500147762 /* BaseViewController.m */; };
		7D2346EF20CF921500147762 /* BaseViewModel.m in Sources */ = {isa = PBXBuildFile; fileRef = 7D2346EB20CF921500147762 /* BaseViewModel.m */; };
		7D23470420CF93C000147762 /* DetailViewController.m in Sources */ = {isa = PBXBuildFile; fileRef = 7D23470320CF93C000147762 /* DetailViewController.m */; };
		7D23473320CF940700147762 /* MeViewController.m in Sources */ = {isa = PBXBuildFile; fileRef = 7D23471C20CF940700147762 /* MeViewController.m */; };
		7D23474B20CF9D5300147762 /* MainViewController.m in Sources */ = {isa = PBXBuildFile; fileRef = 7D23474920CF9D5300147762 /* MainViewController.m */; };
		7D23475620CFA37700147762 /* MainViewModel.m in Sources */ = {isa = PBXBuildFile; fileRef = 7D23475520CFA37700147762 /* MainViewModel.m */; };
		7D23477820CFC70700147762 /* DatabaseViewController.m in Sources */ = {isa = PBXBuildFile; fileRef = 7D23476820CFC70600147762 /* DatabaseViewController.m */; };
		7D23477A20CFC70700147762 /* offlineViewController.m in Sources */ = {isa = PBXBuildFile; fileRef = 7D23476D20CFC70600147762 /* offlineViewController.m */; };
		7D23477B20CFC70700147762 /* CalendarViewController.m in Sources */ = {isa = PBXBuildFile; fileRef = 7D23477020CFC70600147762 /* CalendarViewController.m */; };
		7D23478320CFD36B00147762 /* ZBSettingViewController.m in Sources */ = {isa = PBXBuildFile; fileRef = 7D23478220CFD36A00147762 /* ZBSettingViewController.m */; };
		7D2FFCCC20D2460D00F1CC86 /* MenuInfo.m in Sources */ = {isa = PBXBuildFile; fileRef = 7D2FFCCB20D2460D00F1CC86 /* MenuInfo.m */; };
		7D3C5B7C1F6F65B60054964D /* adData.plist in Resources */ = {isa = PBXBuildFile; fileRef = 7D3C5AF51F6F65B60054964D /* adData.plist */; };
		7D3C5B7D1F6F65B60054964D /* adData2.plist in Resources */ = {isa = PBXBuildFile; fileRef = 7D3C5AF61F6F65B60054964D /* adData2.plist */; };
		7D3C5B7E1F6F65B60054964D /* DataManager.m in Sources */ = {isa = PBXBuildFile; fileRef = 7D3C5AF81F6F65B60054964D /* DataManager.m */; };
		7D3C5B7F1F6F65B60054964D /* menu.plist in Resources */ = {isa = PBXBuildFile; fileRef = 7D3C5AF91F6F65B60054964D /* menu.plist */; };
		7D4084B11DE83D370076C1C8 /* libsqlite3.tbd in Frameworks */ = {isa = PBXBuildFile; fileRef = 7D4084B01DE83D370076C1C8 /* libsqlite3.tbd */; };
		7D6B31EB20D0C86F00199CEE /* RACChannelModel.m in Sources */ = {isa = PBXBuildFile; fileRef = 7D6B31EA20D0C86F00199CEE /* RACChannelModel.m */; };
		7D6B31EE20D0C89500199CEE /* RACChannelFirstCell.m in Sources */ = {isa = PBXBuildFile; fileRef = 7D6B31ED20D0C89500199CEE /* RACChannelFirstCell.m */; };
		7D6B31F120D0C8C600199CEE /* RACChannelSecondCell.m in Sources */ = {isa = PBXBuildFile; fileRef = 7D6B31F020D0C8C600199CEE /* RACChannelSecondCell.m */; };
		7D6B31F420D0CA0800199CEE /* RACChannelViewModel.m in Sources */ = {isa = PBXBuildFile; fileRef = 7D6B31F320D0CA0800199CEE /* RACChannelViewModel.m */; };
		7D6B31F720D0CB4300199CEE /* RACChannelViewController.m in Sources */ = {isa = PBXBuildFile; fileRef = 7D6B31F620D0CB4300199CEE /* RACChannelViewController.m */; };
		7D6B31FA20D0CBE000199CEE /* DelegateChannelViewController.m in Sources */ = {isa = PBXBuildFile; fileRef = 7D6B31F920D0CBE000199CEE /* DelegateChannelViewController.m */; };
		7D6B31FD20D0CC1800199CEE /* DelegateChannelViewModel.m in Sources */ = {isa = PBXBuildFile; fileRef = 7D6B31FC20D0CC1800199CEE /* DelegateChannelViewModel.m */; };
		7D6B320020D0E6C300199CEE /* BaseCollectionViewCell.m in Sources */ = {isa = PBXBuildFile; fileRef = 7D6B31FF20D0E6C300199CEE /* BaseCollectionViewCell.m */; };
		7D6B320320D0E70B00199CEE /* DelegateChannelFirstCell.m in Sources */ = {isa = PBXBuildFile; fileRef = 7D6B320220D0E70B00199CEE /* DelegateChannelFirstCell.m */; };
		7D6B320620D0EE4C00199CEE /* DelegateChannelSecondCell.m in Sources */ = {isa = PBXBuildFile; fileRef = 7D6B320520D0EE4C00199CEE /* DelegateChannelSecondCell.m */; };
		7D6B320D20D0FA0100199CEE /* ZBDataBaseManager.m in Sources */ = {isa = PBXBuildFile; fileRef = 7D6B320C20D0FA0100199CEE /* ZBDataBaseManager.m */; };
		7D9107961FFF5E04002A1934 /* MobileCoreServices.framework in Frameworks */ = {isa = PBXBuildFile; fileRef = 7D9107951FFF5E04002A1934 /* MobileCoreServices.framework */; };
		7D9107981FFF5E0F002A1934 /* CoreSpotlight.framework in Frameworks */ = {isa = PBXBuildFile; fileRef = 7D9107971FFF5E0F002A1934 /* CoreSpotlight.framework */; };
		7D9D21FC1F7FA8A800C8C067 /* NullSafe.m in Sources */ = {isa = PBXBuildFile; fileRef = 7D9D21B71F7FA8A800C8C067 /* NullSafe.m */; };
		7D9D22021F7FA8A800C8C067 /* ZBCacheManager.m in Sources */ = {isa = PBXBuildFile; fileRef = 7D9D21C71F7FA8A800C8C067 /* ZBCacheManager.m */; };
		7D9D22031F7FA8A800C8C067 /* ZBRequestEngine.m in Sources */ = {isa = PBXBuildFile; fileRef = 7D9D21CB1F7FA8A800C8C067 /* ZBRequestEngine.m */; };
		7D9D22041F7FA8A800C8C067 /* ZBRequestManager.m in Sources */ = {isa = PBXBuildFile; fileRef = 7D9D21CD1F7FA8A800C8C067 /* ZBRequestManager.m */; };
		7D9D22051F7FA8A800C8C067 /* ZBURLRequest.m in Sources */ = {isa = PBXBuildFile; fileRef = 7D9D21CF1F7FA8A800C8C067 /* ZBURLRequest.m */; };
		7D9D220C1F7FA8A800C8C067 /* ZBGlobalSettingsTool.m in Sources */ = {isa = PBXBuildFile; fileRef = 7D9D21E11F7FA8A800C8C067 /* ZBGlobalSettingsTool.m */; };
		7DC3DD0C20B297D500D28882 /* NSString+ZBUTF8Encoding.m in Sources */ = {isa = PBXBuildFile; fileRef = 7DC3DD0B20B297D500D28882 /* NSString+ZBUTF8Encoding.m */; };
/* End PBXBuildFile section */

/* Begin PBXContainerItemProxy section */
		7D0339421DDEB4A3001C48A8 /* PBXContainerItemProxy */ = {
			isa = PBXContainerItemProxy;
			containerPortal = 7D0339201DDEB4A3001C48A8 /* Project object */;
			proxyType = 1;
			remoteGlobalIDString = 7D0339271DDEB4A3001C48A8;
			remoteInfo = ZBNews;
		};
		7D03394D1DDEB4A3001C48A8 /* PBXContainerItemProxy */ = {
			isa = PBXContainerItemProxy;
			containerPortal = 7D0339201DDEB4A3001C48A8 /* Project object */;
			proxyType = 1;
			remoteGlobalIDString = 7D0339271DDEB4A3001C48A8;
			remoteInfo = ZBNews;
		};
/* End PBXContainerItemProxy section */

/* Begin PBXFileReference section */
		607ED2848F8D2817B0C3B867 /* Pods-ZBNews.debug.xcconfig */ = {isa = PBXFileReference; includeInIndex = 1; lastKnownFileType = text.xcconfig; name = "Pods-ZBNews.debug.xcconfig"; path = "Pods/Target Support Files/Pods-ZBNews/Pods-ZBNews.debug.xcconfig"; sourceTree = "<group>"; };
		7D0339281DDEB4A3001C48A8 /* ZBNews.app */ = {isa = PBXFileReference; explicitFileType = wrapper.application; includeInIndex = 0; path = ZBNews.app; sourceTree = BUILT_PRODUCTS_DIR; };
		7D03392C1DDEB4A3001C48A8 /* main.m */ = {isa = PBXFileReference; lastKnownFileType = sourcecode.c.objc; path = main.m; sourceTree = "<group>"; };
		7D03392E1DDEB4A3001C48A8 /* AppDelegate.h */ = {isa = PBXFileReference; lastKnownFileType = sourcecode.c.h; path = AppDelegate.h; sourceTree = "<group>"; };
		7D03392F1DDEB4A3001C48A8 /* AppDelegate.m */ = {isa = PBXFileReference; lastKnownFileType = sourcecode.c.objc; path = AppDelegate.m; sourceTree = "<group>"; };
		7D0339311DDEB4A3001C48A8 /* ViewController.h */ = {isa = PBXFileReference; lastKnownFileType = sourcecode.c.h; path = ViewController.h; sourceTree = "<group>"; };
		7D0339321DDEB4A3001C48A8 /* ViewController.m */ = {isa = PBXFileReference; lastKnownFileType = sourcecode.c.objc; path = ViewController.m; sourceTree = "<group>"; };
		7D0339351DDEB4A3001C48A8 /* Base */ = {isa = PBXFileReference; lastKnownFileType = file.storyboard; name = Base; path = Base.lproj/Main.storyboard; sourceTree = "<group>"; };
		7D0339371DDEB4A3001C48A8 /* Assets.xcassets */ = {isa = PBXFileReference; lastKnownFileType = folder.assetcatalog; path = Assets.xcassets; sourceTree = "<group>"; };
		7D03393A1DDEB4A3001C48A8 /* Base */ = {isa = PBXFileReference; lastKnownFileType = file.storyboard; name = Base; path = Base.lproj/LaunchScreen.storyboard; sourceTree = "<group>"; };
		7D03393C1DDEB4A3001C48A8 /* Info.plist */ = {isa = PBXFileReference; lastKnownFileType = text.plist.xml; path = Info.plist; sourceTree = "<group>"; };
		7D0339411DDEB4A3001C48A8 /* ZBNewsTests.xctest */ = {isa = PBXFileReference; explicitFileType = wrapper.cfbundle; includeInIndex = 0; path = ZBNewsTests.xctest; sourceTree = BUILT_PRODUCTS_DIR; };
		7D0339451DDEB4A3001C48A8 /* ZBNewsTests.m */ = {isa = PBXFileReference; lastKnownFileType = sourcecode.c.objc; path = ZBNewsTests.m; sourceTree = "<group>"; };
		7D0339471DDEB4A3001C48A8 /* Info.plist */ = {isa = PBXFileReference; lastKnownFileType = text.plist.xml; path = Info.plist; sourceTree = "<group>"; };
		7D03394C1DDEB4A3001C48A8 /* ZBNewsUITests.xctest */ = {isa = PBXFileReference; explicitFileType = wrapper.cfbundle; includeInIndex = 0; path = ZBNewsUITests.xctest; sourceTree = BUILT_PRODUCTS_DIR; };
		7D0339501DDEB4A3001C48A8 /* ZBNewsUITests.m */ = {isa = PBXFileReference; lastKnownFileType = sourcecode.c.objc; path = ZBNewsUITests.m; sourceTree = "<group>"; };
		7D0339521DDEB4A3001C48A8 /* Info.plist */ = {isa = PBXFileReference; lastKnownFileType = text.plist.xml; path = Info.plist; sourceTree = "<group>"; };
		7D0339AF1DDECB93001C48A8 /* en */ = {isa = PBXFileReference; lastKnownFileType = text.plist.strings; name = en; path = en.lproj/Language.strings; sourceTree = "<group>"; };
		7D0339B11DDECBB6001C48A8 /* zh-Hans */ = {isa = PBXFileReference; lastKnownFileType = text.plist.strings; name = "zh-Hans"; path = "zh-Hans.lproj/Language.strings"; sourceTree = "<group>"; };
		7D2346E120CF921500147762 /* BaseModel.h */ = {isa = PBXFileReference; fileEncoding = 4; lastKnownFileType = sourcecode.c.h; path = BaseModel.h; sourceTree = "<group>"; };
		7D2346E220CF921500147762 /* BaseModel.m */ = {isa = PBXFileReference; fileEncoding = 4; lastKnownFileType = sourcecode.c.objc; path = BaseModel.m; sourceTree = "<group>"; };
		7D2346E420CF921500147762 /* BaseTableViewCell.h */ = {isa = PBXFileReference; fileEncoding = 4; lastKnownFileType = sourcecode.c.h; path = BaseTableViewCell.h; sourceTree = "<group>"; };
		7D2346E520CF921500147762 /* BaseTableViewCell.m */ = {isa = PBXFileReference; fileEncoding = 4; lastKnownFileType = sourcecode.c.objc; path = BaseTableViewCell.m; sourceTree = "<group>"; };
		7D2346E720CF921500147762 /* BaseViewController.h */ = {isa = PBXFileReference; fileEncoding = 4; lastKnownFileType = sourcecode.c.h; path = BaseViewController.h; sourceTree = "<group>"; };
		7D2346E820CF921500147762 /* BaseViewController.m */ = {isa = PBXFileReference; fileEncoding = 4; lastKnownFileType = sourcecode.c.objc; path = BaseViewController.m; sourceTree = "<group>"; };
		7D2346EA20CF921500147762 /* BaseViewModel.h */ = {isa = PBXFileReference; fileEncoding = 4; lastKnownFileType = sourcecode.c.h; path = BaseViewModel.h; sourceTree = "<group>"; };
		7D2346EB20CF921500147762 /* BaseViewModel.m */ = {isa = PBXFileReference; fileEncoding = 4; lastKnownFileType = sourcecode.c.objc; path = BaseViewModel.m; sourceTree = "<group>"; };
		7D23470220CF93C000147762 /* DetailViewController.h */ = {isa = PBXFileReference; fileEncoding = 4; lastKnownFileType = sourcecode.c.h; path = DetailViewController.h; sourceTree = "<group>"; };
		7D23470320CF93C000147762 /* DetailViewController.m */ = {isa = PBXFileReference; fileEncoding = 4; lastKnownFileType = sourcecode.c.objc; path = DetailViewController.m; sourceTree = "<group>"; };
		7D23471B20CF940700147762 /* MeViewController.h */ = {isa = PBXFileReference; fileEncoding = 4; lastKnownFileType = sourcecode.c.h; path = MeViewController.h; sourceTree = "<group>"; };
		7D23471C20CF940700147762 /* MeViewController.m */ = {isa = PBXFileReference; fileEncoding = 4; lastKnownFileType = sourcecode.c.objc; path = MeViewController.m; sourceTree = "<group>"; };
		7D23473A20CF945100147762 /* API_Constants.h */ = {isa = PBXFileReference; fileEncoding = 4; lastKnownFileType = sourcecode.c.h; path = API_Constants.h; sourceTree = "<group>"; };
		7D23473D20CF962E00147762 /* CommonDefine.h */ = {isa = PBXFileReference; lastKnownFileType = sourcecode.c.h; path = CommonDefine.h; sourceTree = "<group>"; };
		7D23474820CF9D5300147762 /* MainViewController.h */ = {isa = PBXFileReference; fileEncoding = 4; lastKnownFileType = sourcecode.c.h; path = MainViewController.h; sourceTree = "<group>"; };
		7D23474920CF9D5300147762 /* MainViewController.m */ = {isa = PBXFileReference; fileEncoding = 4; lastKnownFileType = sourcecode.c.objc; path = MainViewController.m; sourceTree = "<group>"; };
		7D23475420CFA37700147762 /* MainViewModel.h */ = {isa = PBXFileReference; lastKnownFileType = sourcecode.c.h; path = MainViewModel.h; sourceTree = "<group>"; };
		7D23475520CFA37700147762 /* MainViewModel.m */ = {isa = PBXFileReference; lastKnownFileType = sourcecode.c.objc; path = MainViewModel.m; sourceTree = "<group>"; };
		7D23476720CFC70600147762 /* DatabaseViewController.h */ = {isa = PBXFileReference; fileEncoding = 4; lastKnownFileType = sourcecode.c.h; path = DatabaseViewController.h; sourceTree = "<group>"; };
		7D23476820CFC70600147762 /* DatabaseViewController.m */ = {isa = PBXFileReference; fileEncoding = 4; lastKnownFileType = sourcecode.c.objc; path = DatabaseViewController.m; sourceTree = "<group>"; };
		7D23476C20CFC70600147762 /* offlineViewController.h */ = {isa = PBXFileReference; fileEncoding = 4; lastKnownFileType = sourcecode.c.h; path = offlineViewController.h; sourceTree = "<group>"; };
		7D23476D20CFC70600147762 /* offlineViewController.m */ = {isa = PBXFileReference; fileEncoding = 4; lastKnownFileType = sourcecode.c.objc; path = offlineViewController.m; sourceTree = "<group>"; };
		7D23476F20CFC70600147762 /* CalendarViewController.h */ = {isa = PBXFileReference; fileEncoding = 4; lastKnownFileType = sourcecode.c.h; path = CalendarViewController.h; sourceTree = "<group>"; };
		7D23477020CFC70600147762 /* CalendarViewController.m */ = {isa = PBXFileReference; fileEncoding = 4; lastKnownFileType = sourcecode.c.objc; path = CalendarViewController.m; sourceTree = "<group>"; };
		7D23478220CFD36A00147762 /* ZBSettingViewController.m */ = {isa = PBXFileReference; fileEncoding = 4; lastKnownFileType = sourcecode.c.objc; path = ZBSettingViewController.m; sourceTree = "<group>"; };
		7D2FFCCA20D2460D00F1CC86 /* MenuInfo.h */ = {isa = PBXFileReference; lastKnownFileType = sourcecode.c.h; path = MenuInfo.h; sourceTree = "<group>"; };
		7D2FFCCB20D2460D00F1CC86 /* MenuInfo.m */ = {isa = PBXFileReference; lastKnownFileType = sourcecode.c.objc; path = MenuInfo.m; sourceTree = "<group>"; };
		7D3C5AF51F6F65B60054964D /* adData.plist */ = {isa = PBXFileReference; fileEncoding = 4; lastKnownFileType = text.plist.xml; path = adData.plist; sourceTree = "<group>"; };
		7D3C5AF61F6F65B60054964D /* adData2.plist */ = {isa = PBXFileReference; fileEncoding = 4; lastKnownFileType = text.plist.xml; path = adData2.plist; sourceTree = "<group>"; };
		7D3C5AF71F6F65B60054964D /* DataManager.h */ = {isa = PBXFileReference; fileEncoding = 4; lastKnownFileType = sourcecode.c.h; path = DataManager.h; sourceTree = "<group>"; };
		7D3C5AF81F6F65B60054964D /* DataManager.m */ = {isa = PBXFileReference; fileEncoding = 4; lastKnownFileType = sourcecode.c.objc; path = DataManager.m; sourceTree = "<group>"; };
		7D3C5AF91F6F65B60054964D /* menu.plist */ = {isa = PBXFileReference; fileEncoding = 4; lastKnownFileType = text.plist.xml; path = menu.plist; sourceTree = "<group>"; };
		7D3C5B751F6F65B60054964D /* ZBSettingViewController.h */ = {isa = PBXFileReference; fileEncoding = 4; lastKnownFileType = sourcecode.c.h; path = ZBSettingViewController.h; sourceTree = "<group>"; };
		7D4084B01DE83D370076C1C8 /* libsqlite3.tbd */ = {isa = PBXFileReference; lastKnownFileType = "sourcecode.text-based-dylib-definition"; name = libsqlite3.tbd; path = usr/lib/libsqlite3.tbd; sourceTree = SDKROOT; };
		7D6B31E920D0C86F00199CEE /* RACChannelModel.h */ = {isa = PBXFileReference; lastKnownFileType = sourcecode.c.h; path = RACChannelModel.h; sourceTree = "<group>"; };
		7D6B31EA20D0C86F00199CEE /* RACChannelModel.m */ = {isa = PBXFileReference; lastKnownFileType = sourcecode.c.objc; path = RACChannelModel.m; sourceTree = "<group>"; };
		7D6B31EC20D0C89500199CEE /* RACChannelFirstCell.h */ = {isa = PBXFileReference; lastKnownFileType = sourcecode.c.h; path = RACChannelFirstCell.h; sourceTree = "<group>"; };
		7D6B31ED20D0C89500199CEE /* RACChannelFirstCell.m */ = {isa = PBXFileReference; lastKnownFileType = sourcecode.c.objc; path = RACChannelFirstCell.m; sourceTree = "<group>"; };
		7D6B31EF20D0C8C600199CEE /* RACChannelSecondCell.h */ = {isa = PBXFileReference; lastKnownFileType = sourcecode.c.h; path = RACChannelSecondCell.h; sourceTree = "<group>"; };
		7D6B31F020D0C8C600199CEE /* RACChannelSecondCell.m */ = {isa = PBXFileReference; lastKnownFileType = sourcecode.c.objc; path = RACChannelSecondCell.m; sourceTree = "<group>"; };
		7D6B31F220D0CA0800199CEE /* RACChannelViewModel.h */ = {isa = PBXFileReference; lastKnownFileType = sourcecode.c.h; path = RACChannelViewModel.h; sourceTree = "<group>"; };
		7D6B31F320D0CA0800199CEE /* RACChannelViewModel.m */ = {isa = PBXFileReference; lastKnownFileType = sourcecode.c.objc; path = RACChannelViewModel.m; sourceTree = "<group>"; };
		7D6B31F520D0CB4300199CEE /* RACChannelViewController.h */ = {isa = PBXFileReference; lastKnownFileType = sourcecode.c.h; path = RACChannelViewController.h; sourceTree = "<group>"; };
		7D6B31F620D0CB4300199CEE /* RACChannelViewController.m */ = {isa = PBXFileReference; lastKnownFileType = sourcecode.c.objc; path = RACChannelViewController.m; sourceTree = "<group>"; };
		7D6B31F820D0CBE000199CEE /* DelegateChannelViewController.h */ = {isa = PBXFileReference; lastKnownFileType = sourcecode.c.h; path = DelegateChannelViewController.h; sourceTree = "<group>"; };
		7D6B31F920D0CBE000199CEE /* DelegateChannelViewController.m */ = {isa = PBXFileReference; lastKnownFileType = sourcecode.c.objc; path = DelegateChannelViewController.m; sourceTree = "<group>"; };
		7D6B31FB20D0CC1800199CEE /* DelegateChannelViewModel.h */ = {isa = PBXFileReference; lastKnownFileType = sourcecode.c.h; path = DelegateChannelViewModel.h; sourceTree = "<group>"; };
		7D6B31FC20D0CC1800199CEE /* DelegateChannelViewModel.m */ = {isa = PBXFileReference; lastKnownFileType = sourcecode.c.objc; path = DelegateChannelViewModel.m; sourceTree = "<group>"; };
		7D6B31FE20D0E6C300199CEE /* BaseCollectionViewCell.h */ = {isa = PBXFileReference; lastKnownFileType = sourcecode.c.h; path = BaseCollectionViewCell.h; sourceTree = "<group>"; };
		7D6B31FF20D0E6C300199CEE /* BaseCollectionViewCell.m */ = {isa = PBXFileReference; lastKnownFileType = sourcecode.c.objc; path = BaseCollectionViewCell.m; sourceTree = "<group>"; };
		7D6B320120D0E70B00199CEE /* DelegateChannelFirstCell.h */ = {isa = PBXFileReference; lastKnownFileType = sourcecode.c.h; path = DelegateChannelFirstCell.h; sourceTree = "<group>"; };
		7D6B320220D0E70B00199CEE /* DelegateChannelFirstCell.m */ = {isa = PBXFileReference; lastKnownFileType = sourcecode.c.objc; path = DelegateChannelFirstCell.m; sourceTree = "<group>"; };
		7D6B320420D0EE4C00199CEE /* DelegateChannelSecondCell.h */ = {isa = PBXFileReference; lastKnownFileType = sourcecode.c.h; path = DelegateChannelSecondCell.h; sourceTree = "<group>"; };
		7D6B320520D0EE4C00199CEE /* DelegateChannelSecondCell.m */ = {isa = PBXFileReference; lastKnownFileType = sourcecode.c.objc; path = DelegateChannelSecondCell.m; sourceTree = "<group>"; };
		7D6B320B20D0FA0100199CEE /* ZBDataBaseManager.h */ = {isa = PBXFileReference; fileEncoding = 4; lastKnownFileType = sourcecode.c.h; path = ZBDataBaseManager.h; sourceTree = "<group>"; };
		7D6B320C20D0FA0100199CEE /* ZBDataBaseManager.m */ = {isa = PBXFileReference; fileEncoding = 4; lastKnownFileType = sourcecode.c.objc; path = ZBDataBaseManager.m; sourceTree = "<group>"; };
		7D87AF351F999AB700B69BAD /* ZBMacros.h */ = {isa = PBXFileReference; lastKnownFileType = sourcecode.c.h; path = ZBMacros.h; sourceTree = "<group>"; };
		7D9107951FFF5E04002A1934 /* MobileCoreServices.framework */ = {isa = PBXFileReference; lastKnownFileType = wrapper.framework; name = MobileCoreServices.framework; path = System/Library/Frameworks/MobileCoreServices.framework; sourceTree = SDKROOT; };
		7D9107971FFF5E0F002A1934 /* CoreSpotlight.framework */ = {isa = PBXFileReference; lastKnownFileType = wrapper.framework; name = CoreSpotlight.framework; path = System/Library/Frameworks/CoreSpotlight.framework; sourceTree = SDKROOT; };
		7D9D21B41F7FA8A800C8C067 /* ZBKit.h */ = {isa = PBXFileReference; fileEncoding = 4; lastKnownFileType = sourcecode.c.h; path = ZBKit.h; sourceTree = "<group>"; };
		7D9D21B71F7FA8A800C8C067 /* NullSafe.m */ = {isa = PBXFileReference; fileEncoding = 4; lastKnownFileType = sourcecode.c.objc; path = NullSafe.m; sourceTree = "<group>"; };
		7D9D21C61F7FA8A800C8C067 /* ZBCacheManager.h */ = {isa = PBXFileReference; fileEncoding = 4; lastKnownFileType = sourcecode.c.h; path = ZBCacheManager.h; sourceTree = "<group>"; };
		7D9D21C71F7FA8A800C8C067 /* ZBCacheManager.m */ = {isa = PBXFileReference; fileEncoding = 4; lastKnownFileType = sourcecode.c.objc; path = ZBCacheManager.m; sourceTree = "<group>"; };
		7D9D21C81F7FA8A800C8C067 /* ZBNetworking.h */ = {isa = PBXFileReference; fileEncoding = 4; lastKnownFileType = sourcecode.c.h; path = ZBNetworking.h; sourceTree = "<group>"; };
		7D9D21C91F7FA8A800C8C067 /* ZBRequestConst.h */ = {isa = PBXFileReference; fileEncoding = 4; lastKnownFileType = sourcecode.c.h; path = ZBRequestConst.h; sourceTree = "<group>"; };
		7D9D21CA1F7FA8A800C8C067 /* ZBRequestEngine.h */ = {isa = PBXFileReference; fileEncoding = 4; lastKnownFileType = sourcecode.c.h; path = ZBRequestEngine.h; sourceTree = "<group>"; };
		7D9D21CB1F7FA8A800C8C067 /* ZBRequestEngine.m */ = {isa = PBXFileReference; fileEncoding = 4; lastKnownFileType = sourcecode.c.objc; path = ZBRequestEngine.m; sourceTree = "<group>"; };
		7D9D21CC1F7FA8A800C8C067 /* ZBRequestManager.h */ = {isa = PBXFileReference; fileEncoding = 4; lastKnownFileType = sourcecode.c.h; path = ZBRequestManager.h; sourceTree = "<group>"; };
		7D9D21CD1F7FA8A800C8C067 /* ZBRequestManager.m */ = {isa = PBXFileReference; fileEncoding = 4; lastKnownFileType = sourcecode.c.objc; path = ZBRequestManager.m; sourceTree = "<group>"; };
		7D9D21CE1F7FA8A800C8C067 /* ZBURLRequest.h */ = {isa = PBXFileReference; fileEncoding = 4; lastKnownFileType = sourcecode.c.h; path = ZBURLRequest.h; sourceTree = "<group>"; };
		7D9D21CF1F7FA8A800C8C067 /* ZBURLRequest.m */ = {isa = PBXFileReference; fileEncoding = 4; lastKnownFileType = sourcecode.c.objc; path = ZBURLRequest.m; sourceTree = "<group>"; };
		7D9D21E01F7FA8A800C8C067 /* ZBGlobalSettingsTool.h */ = {isa = PBXFileReference; fileEncoding = 4; lastKnownFileType = sourcecode.c.h; path = ZBGlobalSettingsTool.h; sourceTree = "<group>"; };
		7D9D21E11F7FA8A800C8C067 /* ZBGlobalSettingsTool.m */ = {isa = PBXFileReference; fileEncoding = 4; lastKnownFileType = sourcecode.c.objc; path = ZBGlobalSettingsTool.m; sourceTree = "<group>"; };
		7DC3DD0A20B297D500D28882 /* NSString+ZBUTF8Encoding.h */ = {isa = PBXFileReference; fileEncoding = 4; lastKnownFileType = sourcecode.c.h; path = "NSString+ZBUTF8Encoding.h"; sourceTree = "<group>"; };
		7DC3DD0B20B297D500D28882 /* NSString+ZBUTF8Encoding.m */ = {isa = PBXFileReference; fileEncoding = 4; lastKnownFileType = sourcecode.c.objc; path = "NSString+ZBUTF8Encoding.m"; sourceTree = "<group>"; };
		9EE67E6D7E38D28153EFE933 /* Pods-ZBNews.release.xcconfig */ = {isa = PBXFileReference; includeInIndex = 1; lastKnownFileType = text.xcconfig; name = "Pods-ZBNews.release.xcconfig"; path = "Pods/Target Support Files/Pods-ZBNews/Pods-ZBNews.release.xcconfig"; sourceTree = "<group>"; };
		DEC1615C4BD8F7962001874B /* Pods_ZBNews.framework */ = {isa = PBXFileReference; explicitFileType = wrapper.framework; includeInIndex = 0; path = Pods_ZBNews.framework; sourceTree = BUILT_PRODUCTS_DIR; };
/* End PBXFileReference section */

/* Begin PBXFrameworksBuildPhase section */
		7D0339251DDEB4A3001C48A8 /* Frameworks */ = {
			isa = PBXFrameworksBuildPhase;
			buildActionMask = 2147483647;
			files = (
				7D9107981FFF5E0F002A1934 /* CoreSpotlight.framework in Frameworks */,
				7D9107961FFF5E04002A1934 /* MobileCoreServices.framework in Frameworks */,
				7D4084B11DE83D370076C1C8 /* libsqlite3.tbd in Frameworks */,
				52C2C4B0BCE9AEA315667450 /* Pods_ZBNews.framework in Frameworks */,
			);
			runOnlyForDeploymentPostprocessing = 0;
		};
		7D03393E1DDEB4A3001C48A8 /* Frameworks */ = {
			isa = PBXFrameworksBuildPhase;
			buildActionMask = 2147483647;
			files = (
			);
			runOnlyForDeploymentPostprocessing = 0;
		};
		7D0339491DDEB4A3001C48A8 /* Frameworks */ = {
			isa = PBXFrameworksBuildPhase;
			buildActionMask = 2147483647;
			files = (
			);
			runOnlyForDeploymentPostprocessing = 0;
		};
/* End PBXFrameworksBuildPhase section */

/* Begin PBXGroup section */
		588ED819E1A943AE7B73D3B4 /* Frameworks */ = {
			isa = PBXGroup;
			children = (
				7D9107971FFF5E0F002A1934 /* CoreSpotlight.framework */,
				7D9107951FFF5E04002A1934 /* MobileCoreServices.framework */,
				7D4084B01DE83D370076C1C8 /* libsqlite3.tbd */,
				DEC1615C4BD8F7962001874B /* Pods_ZBNews.framework */,
			);
			name = Frameworks;
			sourceTree = "<group>";
		};
		7D03391F1DDEB4A3001C48A8 = {
			isa = PBXGroup;
			children = (
				7D03392A1DDEB4A3001C48A8 /* ZBNews */,
				7D0339441DDEB4A3001C48A8 /* ZBNewsTests */,
				7D03394F1DDEB4A3001C48A8 /* ZBNewsUITests */,
				7D0339291DDEB4A3001C48A8 /* Products */,
				B388F96073442A5CDB9EDC1F /* Pods */,
				588ED819E1A943AE7B73D3B4 /* Frameworks */,
			);
			sourceTree = "<group>";
		};
		7D0339291DDEB4A3001C48A8 /* Products */ = {
			isa = PBXGroup;
			children = (
				7D0339281DDEB4A3001C48A8 /* ZBNews.app */,
				7D0339411DDEB4A3001C48A8 /* ZBNewsTests.xctest */,
				7D03394C1DDEB4A3001C48A8 /* ZBNewsUITests.xctest */,
			);
			name = Products;
			sourceTree = "<group>";
		};
		7D03392A1DDEB4A3001C48A8 /* ZBNews */ = {
			isa = PBXGroup;
			children = (
				7D03395E1DDEB505001C48A8 /* Classes */,
				7D03392E1DDEB4A3001C48A8 /* AppDelegate.h */,
				7D03392F1DDEB4A3001C48A8 /* AppDelegate.m */,
				7D0339311DDEB4A3001C48A8 /* ViewController.h */,
				7D0339321DDEB4A3001C48A8 /* ViewController.m */,
				7D0339341DDEB4A3001C48A8 /* Main.storyboard */,
				7D0339371DDEB4A3001C48A8 /* Assets.xcassets */,
				7D0339391DDEB4A3001C48A8 /* LaunchScreen.storyboard */,
				7D03393C1DDEB4A3001C48A8 /* Info.plist */,
				7D03392B1DDEB4A3001C48A8 /* Supporting Files */,
				7D0339B01DDECB93001C48A8 /* Language.strings */,
			);
			path = ZBNews;
			sourceTree = "<group>";
		};
		7D03392B1DDEB4A3001C48A8 /* Supporting Files */ = {
			isa = PBXGroup;
			children = (
				7D03392C1DDEB4A3001C48A8 /* main.m */,
			);
			name = "Supporting Files";
			sourceTree = "<group>";
		};
		7D0339441DDEB4A3001C48A8 /* ZBNewsTests */ = {
			isa = PBXGroup;
			children = (
				7D0339451DDEB4A3001C48A8 /* ZBNewsTests.m */,
				7D0339471DDEB4A3001C48A8 /* Info.plist */,
			);
			path = ZBNewsTests;
			sourceTree = "<group>";
		};
		7D03394F1DDEB4A3001C48A8 /* ZBNewsUITests */ = {
			isa = PBXGroup;
			children = (
				7D0339501DDEB4A3001C48A8 /* ZBNewsUITests.m */,
				7D0339521DDEB4A3001C48A8 /* Info.plist */,
			);
			path = ZBNewsUITests;
			sourceTree = "<group>";
		};
		7D03395E1DDEB505001C48A8 /* Classes */ = {
			isa = PBXGroup;
			children = (
				7D23473C20CF950600147762 /* ResourceFile */,
				7D3C5B371F6F65B60054964D /* Libs */,
				7D3C5AF41F6F65B60054964D /* Utility */,
				7D3C5B001F6F65B60054964D /* Controllers */,
			);
			path = Classes;
			sourceTree = "<group>";
		};
		7D2346DF20CF921500147762 /* BaseViewController */ = {
			isa = PBXGroup;
			children = (
				7D2346E020CF921500147762 /* Model */,
				7D2346E320CF921500147762 /* View */,
				7D2346E620CF921500147762 /* ViewController */,
				7D2346E920CF921500147762 /* ViewModel */,
			);
			path = BaseViewController;
			sourceTree = "<group>";
		};
		7D2346E020CF921500147762 /* Model */ = {
			isa = PBXGroup;
			children = (
				7D2346E120CF921500147762 /* BaseModel.h */,
				7D2346E220CF921500147762 /* BaseModel.m */,
			);
			path = Model;
			sourceTree = "<group>";
		};
		7D2346E320CF921500147762 /* View */ = {
			isa = PBXGroup;
			children = (
				7D2346E420CF921500147762 /* BaseTableViewCell.h */,
				7D2346E520CF921500147762 /* BaseTableViewCell.m */,
				7D6B31FE20D0E6C300199CEE /* BaseCollectionViewCell.h */,
				7D6B31FF20D0E6C300199CEE /* BaseCollectionViewCell.m */,
			);
			path = View;
			sourceTree = "<group>";
		};
		7D2346E620CF921500147762 /* ViewController */ = {
			isa = PBXGroup;
			children = (
				7D2346E720CF921500147762 /* BaseViewController.h */,
				7D2346E820CF921500147762 /* BaseViewController.m */,
			);
			path = ViewController;
			sourceTree = "<group>";
		};
		7D2346E920CF921500147762 /* ViewModel */ = {
			isa = PBXGroup;
			children = (
				7D2346EA20CF921500147762 /* BaseViewModel.h */,
				7D2346EB20CF921500147762 /* BaseViewModel.m */,
			);
			path = ViewModel;
			sourceTree = "<group>";
		};
		7D2346F020CF939200147762 /* RACChannelViewController */ = {
			isa = PBXGroup;
			children = (
				7D2346F120CF939200147762 /* Model */,
				7D2346F420CF939200147762 /* View */,
				7D2346FC20CF939200147762 /* ViewModel */,
				7D2346F920CF939200147762 /* ViewController */,
			);
			path = RACChannelViewController;
			sourceTree = "<group>";
		};
		7D2346F120CF939200147762 /* Model */ = {
			isa = PBXGroup;
			children = (
				7D6B31E920D0C86F00199CEE /* RACChannelModel.h */,
				7D6B31EA20D0C86F00199CEE /* RACChannelModel.m */,
			);
			path = Model;
			sourceTree = "<group>";
		};
		7D2346F420CF939200147762 /* View */ = {
			isa = PBXGroup;
			children = (
				7D6B31EC20D0C89500199CEE /* RACChannelFirstCell.h */,
				7D6B31ED20D0C89500199CEE /* RACChannelFirstCell.m */,
				7D6B31EF20D0C8C600199CEE /* RACChannelSecondCell.h */,
				7D6B31F020D0C8C600199CEE /* RACChannelSecondCell.m */,
			);
			path = View;
			sourceTree = "<group>";
		};
		7D2346F920CF939200147762 /* ViewController */ = {
			isa = PBXGroup;
			children = (
				7D6B31F520D0CB4300199CEE /* RACChannelViewController.h */,
				7D6B31F620D0CB4300199CEE /* RACChannelViewController.m */,
			);
			path = ViewController;
			sourceTree = "<group>";
		};
		7D2346FC20CF939200147762 /* ViewModel */ = {
			isa = PBXGroup;
			children = (
				7D6B31F220D0CA0800199CEE /* RACChannelViewModel.h */,
				7D6B31F320D0CA0800199CEE /* RACChannelViewModel.m */,
			);
			path = ViewModel;
			sourceTree = "<group>";
		};
		7D23470120CF93C000147762 /* DetailViewController */ = {
			isa = PBXGroup;
			children = (
				7D23470220CF93C000147762 /* DetailViewController.h */,
				7D23470320CF93C000147762 /* DetailViewController.m */,
			);
			path = DetailViewController;
			sourceTree = "<group>";
		};
		7D23470520CF93C700147762 /* MainViewController */ = {
			isa = PBXGroup;
			children = (
				7D23474C20CF9D7700147762 /* View */,
				7D23474D20CF9D7800147762 /* ViewModel */,
				7D23474420CF9D5300147762 /* Model */,
				7D23474720CF9D5300147762 /* ViewController */,
			);
			path = MainViewController;
			sourceTree = "<group>";
		};
		7D23471020CF940700147762 /* MeViewController */ = {
			isa = PBXGroup;
			children = (
				7D23477E20CFC7BC00147762 /* ViewController */,
			);
			path = MeViewController;
			sourceTree = "<group>";
		};
		7D23473C20CF950600147762 /* ResourceFile */ = {
			isa = PBXGroup;
			children = (
				7D3C5AF51F6F65B60054964D /* adData.plist */,
				7D3C5AF61F6F65B60054964D /* adData2.plist */,
				7D3C5AF91F6F65B60054964D /* menu.plist */,
			);
			path = ResourceFile;
			sourceTree = "<group>";
		};
		7D23474420CF9D5300147762 /* Model */ = {
			isa = PBXGroup;
			children = (
				7D2FFCCA20D2460D00F1CC86 /* MenuInfo.h */,
				7D2FFCCB20D2460D00F1CC86 /* MenuInfo.m */,
			);
			path = Model;
			sourceTree = "<group>";
		};
		7D23474720CF9D5300147762 /* ViewController */ = {
			isa = PBXGroup;
			children = (
				7D23474820CF9D5300147762 /* MainViewController.h */,
				7D23474920CF9D5300147762 /* MainViewController.m */,
			);
			path = ViewController;
			sourceTree = "<group>";
		};
		7D23474C20CF9D7700147762 /* View */ = {
			isa = PBXGroup;
			children = (
			);
			path = View;
			sourceTree = "<group>";
		};
		7D23474D20CF9D7800147762 /* ViewModel */ = {
			isa = PBXGroup;
			children = (
				7D23475420CFA37700147762 /* MainViewModel.h */,
				7D23475520CFA37700147762 /* MainViewModel.m */,
			);
			path = ViewModel;
			sourceTree = "<group>";
		};
		7D23476620CFC70600147762 /* DatabaseViewController */ = {
			isa = PBXGroup;
			children = (
				7D23476720CFC70600147762 /* DatabaseViewController.h */,
				7D23476820CFC70600147762 /* DatabaseViewController.m */,
			);
			path = DatabaseViewController;
			sourceTree = "<group>";
		};
		7D23476920CFC70600147762 /* offlineViewController */ = {
			isa = PBXGroup;
			children = (
				7D23476C20CFC70600147762 /* offlineViewController.h */,
				7D23476D20CFC70600147762 /* offlineViewController.m */,
			);
			path = offlineViewController;
			sourceTree = "<group>";
		};
		7D23476E20CFC70600147762 /* CalendarViewController */ = {
			isa = PBXGroup;
			children = (
				7D23476F20CFC70600147762 /* CalendarViewController.h */,
				7D23477020CFC70600147762 /* CalendarViewController.m */,
			);
			path = CalendarViewController;
			sourceTree = "<group>";
		};
		7D23477E20CFC7BC00147762 /* ViewController */ = {
			isa = PBXGroup;
			children = (
				7D23471B20CF940700147762 /* MeViewController.h */,
				7D23471C20CF940700147762 /* MeViewController.m */,
				7D23476E20CFC70600147762 /* CalendarViewController */,
				7D23476620CFC70600147762 /* DatabaseViewController */,
				7D23476920CFC70600147762 /* offlineViewController */,
			);
			path = ViewController;
			sourceTree = "<group>";
		};
		7D3C5AF41F6F65B60054964D /* Utility */ = {
			isa = PBXGroup;
			children = (
				7D23473A20CF945100147762 /* API_Constants.h */,
				7D23473D20CF962E00147762 /* CommonDefine.h */,
				7D3C5AF71F6F65B60054964D /* DataManager.h */,
				7D3C5AF81F6F65B60054964D /* DataManager.m */,
			);
			path = Utility;
			sourceTree = "<group>";
		};
		7D3C5B001F6F65B60054964D /* Controllers */ = {
			isa = PBXGroup;
			children = (
				7D6B31CC20D0C44700199CEE /* DelegateChannelViewController */,
				7D2346F020CF939200147762 /* RACChannelViewController */,
				7D23470520CF93C700147762 /* MainViewController */,
				7D23471020CF940700147762 /* MeViewController */,
				7D23470120CF93C000147762 /* DetailViewController */,
				7D2346DF20CF921500147762 /* BaseViewController */,
			);
			path = Controllers;
			sourceTree = "<group>";
		};
		7D3C5B371F6F65B60054964D /* Libs */ = {
			isa = PBXGroup;
			children = (
				7D9D21B71F7FA8A800C8C067 /* NullSafe.m */,
				7D9D217E1F7FA8A800C8C067 /* ZBKit */,
			);
			path = Libs;
			sourceTree = "<group>";
		};
		7D6B31CC20D0C44700199CEE /* DelegateChannelViewController */ = {
			isa = PBXGroup;
			children = (
				7D6B31D320D0C4DC00199CEE /* Model */,
				7D6B31D220D0C4D500199CEE /* View */,
				7D6B31D120D0C4CB00199CEE /* ViewModel */,
				7D6B31D020D0C4BE00199CEE /* ViewController */,
			);
			path = DelegateChannelViewController;
			sourceTree = "<group>";
		};
		7D6B31D020D0C4BE00199CEE /* ViewController */ = {
			isa = PBXGroup;
			children = (
				7D6B31F820D0CBE000199CEE /* DelegateChannelViewController.h */,
				7D6B31F920D0CBE000199CEE /* DelegateChannelViewController.m */,
			);
			path = ViewController;
			sourceTree = "<group>";
		};
		7D6B31D120D0C4CB00199CEE /* ViewModel */ = {
			isa = PBXGroup;
			children = (
				7D6B31FB20D0CC1800199CEE /* DelegateChannelViewModel.h */,
				7D6B31FC20D0CC1800199CEE /* DelegateChannelViewModel.m */,
			);
			path = ViewModel;
			sourceTree = "<group>";
		};
		7D6B31D220D0C4D500199CEE /* View */ = {
			isa = PBXGroup;
			children = (
				7D6B320120D0E70B00199CEE /* DelegateChannelFirstCell.h */,
				7D6B320220D0E70B00199CEE /* DelegateChannelFirstCell.m */,
				7D6B320420D0EE4C00199CEE /* DelegateChannelSecondCell.h */,
				7D6B320520D0EE4C00199CEE /* DelegateChannelSecondCell.m */,
			);
			path = View;
			sourceTree = "<group>";
		};
		7D6B31D320D0C4DC00199CEE /* Model */ = {
			isa = PBXGroup;
			children = (
			);
			path = Model;
			sourceTree = "<group>";
		};
		7D6B320A20D0FA0100199CEE /* ZBDataBaseManager */ = {
			isa = PBXGroup;
			children = (
				7D6B320B20D0FA0100199CEE /* ZBDataBaseManager.h */,
				7D6B320C20D0FA0100199CEE /* ZBDataBaseManager.m */,
			);
			path = ZBDataBaseManager;
			sourceTree = "<group>";
		};
		7D9D217E1F7FA8A800C8C067 /* ZBKit */ = {
			isa = PBXGroup;
			children = (
				7D3C5B751F6F65B60054964D /* ZBSettingViewController.h */,
				7D23478220CFD36A00147762 /* ZBSettingViewController.m */,
				7D6B320A20D0FA0100199CEE /* ZBDataBaseManager */,
				7D9D21B41F7FA8A800C8C067 /* ZBKit.h */,
				7D9D21C31F7FA8A800C8C067 /* ZBNetworking */,
				7D9D21DA1F7FA8A800C8C067 /* ZBTool */,
			);
			path = ZBKit;
			sourceTree = "<group>";
		};
		7D9D21C31F7FA8A800C8C067 /* ZBNetworking */ = {
			isa = PBXGroup;
			children = (
				7DC3DD0A20B297D500D28882 /* NSString+ZBUTF8Encoding.h */,
				7DC3DD0B20B297D500D28882 /* NSString+ZBUTF8Encoding.m */,
				7D9D21C61F7FA8A800C8C067 /* ZBCacheManager.h */,
				7D9D21C71F7FA8A800C8C067 /* ZBCacheManager.m */,
				7D9D21C81F7FA8A800C8C067 /* ZBNetworking.h */,
				7D9D21C91F7FA8A800C8C067 /* ZBRequestConst.h */,
				7D9D21CA1F7FA8A800C8C067 /* ZBRequestEngine.h */,
				7D9D21CB1F7FA8A800C8C067 /* ZBRequestEngine.m */,
				7D9D21CC1F7FA8A800C8C067 /* ZBRequestManager.h */,
				7D9D21CD1F7FA8A800C8C067 /* ZBRequestManager.m */,
				7D9D21CE1F7FA8A800C8C067 /* ZBURLRequest.h */,
				7D9D21CF1F7FA8A800C8C067 /* ZBURLRequest.m */,
			);
			path = ZBNetworking;
			sourceTree = "<group>";
		};
		7D9D21DA1F7FA8A800C8C067 /* ZBTool */ = {
			isa = PBXGroup;
			children = (
				7D87AF351F999AB700B69BAD /* ZBMacros.h */,
				7D9D21E01F7FA8A800C8C067 /* ZBGlobalSettingsTool.h */,
				7D9D21E11F7FA8A800C8C067 /* ZBGlobalSettingsTool.m */,
			);
			path = ZBTool;
			sourceTree = "<group>";
		};
		B388F96073442A5CDB9EDC1F /* Pods */ = {
			isa = PBXGroup;
			children = (
				607ED2848F8D2817B0C3B867 /* Pods-ZBNews.debug.xcconfig */,
				9EE67E6D7E38D28153EFE933 /* Pods-ZBNews.release.xcconfig */,
			);
			name = Pods;
			sourceTree = "<group>";
		};
/* End PBXGroup section */

/* Begin PBXNativeTarget section */
		7D0339271DDEB4A3001C48A8 /* ZBNews */ = {
			isa = PBXNativeTarget;
			buildConfigurationList = 7D0339551DDEB4A3001C48A8 /* Build configuration list for PBXNativeTarget "ZBNews" */;
			buildPhases = (
				A6105AFFE7621BFFAFE504FA /* [CP] Check Pods Manifest.lock */,
				7D0339241DDEB4A3001C48A8 /* Sources */,
				7D0339251DDEB4A3001C48A8 /* Frameworks */,
				7D0339261DDEB4A3001C48A8 /* Resources */,
				8022B6D7F08C6584C97D45FF /* [CP] Embed Pods Frameworks */,
			);
			buildRules = (
			);
			dependencies = (
			);
			name = ZBNews;
			productName = ZBNews;
			productReference = 7D0339281DDEB4A3001C48A8 /* ZBNews.app */;
			productType = "com.apple.product-type.application";
		};
		7D0339401DDEB4A3001C48A8 /* ZBNewsTests */ = {
			isa = PBXNativeTarget;
			buildConfigurationList = 7D0339581DDEB4A3001C48A8 /* Build configuration list for PBXNativeTarget "ZBNewsTests" */;
			buildPhases = (
				7D03393D1DDEB4A3001C48A8 /* Sources */,
				7D03393E1DDEB4A3001C48A8 /* Frameworks */,
				7D03393F1DDEB4A3001C48A8 /* Resources */,
			);
			buildRules = (
			);
			dependencies = (
				7D0339431DDEB4A3001C48A8 /* PBXTargetDependency */,
			);
			name = ZBNewsTests;
			productName = ZBNewsTests;
			productReference = 7D0339411DDEB4A3001C48A8 /* ZBNewsTests.xctest */;
			productType = "com.apple.product-type.bundle.unit-test";
		};
		7D03394B1DDEB4A3001C48A8 /* ZBNewsUITests */ = {
			isa = PBXNativeTarget;
			buildConfigurationList = 7D03395B1DDEB4A3001C48A8 /* Build configuration list for PBXNativeTarget "ZBNewsUITests" */;
			buildPhases = (
				7D0339481DDEB4A3001C48A8 /* Sources */,
				7D0339491DDEB4A3001C48A8 /* Frameworks */,
				7D03394A1DDEB4A3001C48A8 /* Resources */,
			);
			buildRules = (
			);
			dependencies = (
				7D03394E1DDEB4A3001C48A8 /* PBXTargetDependency */,
			);
			name = ZBNewsUITests;
			productName = ZBNewsUITests;
			productReference = 7D03394C1DDEB4A3001C48A8 /* ZBNewsUITests.xctest */;
			productType = "com.apple.product-type.bundle.ui-testing";
		};
/* End PBXNativeTarget section */

/* Begin PBXProject section */
		7D0339201DDEB4A3001C48A8 /* Project object */ = {
			isa = PBXProject;
			attributes = {
				LastUpgradeCheck = 0810;
				ORGANIZATIONNAME = Suzhibin;
				TargetAttributes = {
					7D0339271DDEB4A3001C48A8 = {
						CreatedOnToolsVersion = 8.1;
						ProvisioningStyle = Automatic;
					};
					7D0339401DDEB4A3001C48A8 = {
						CreatedOnToolsVersion = 8.1;
						ProvisioningStyle = Automatic;
						TestTargetID = 7D0339271DDEB4A3001C48A8;
					};
					7D03394B1DDEB4A3001C48A8 = {
						CreatedOnToolsVersion = 8.1;
						ProvisioningStyle = Automatic;
						TestTargetID = 7D0339271DDEB4A3001C48A8;
					};
				};
			};
			buildConfigurationList = 7D0339231DDEB4A3001C48A8 /* Build configuration list for PBXProject "ZBNews" */;
			compatibilityVersion = "Xcode 3.2";
			developmentRegion = English;
			hasScannedForEncodings = 0;
			knownRegions = (
				en,
				Base,
				"zh-Hans",
			);
			mainGroup = 7D03391F1DDEB4A3001C48A8;
			productRefGroup = 7D0339291DDEB4A3001C48A8 /* Products */;
			projectDirPath = "";
			projectRoot = "";
			targets = (
				7D0339271DDEB4A3001C48A8 /* ZBNews */,
				7D0339401DDEB4A3001C48A8 /* ZBNewsTests */,
				7D03394B1DDEB4A3001C48A8 /* ZBNewsUITests */,
			);
		};
/* End PBXProject section */

/* Begin PBXResourcesBuildPhase section */
		7D0339261DDEB4A3001C48A8 /* Resources */ = {
			isa = PBXResourcesBuildPhase;
			buildActionMask = 2147483647;
			files = (
				7D0339AE1DDECB93001C48A8 /* Language.strings in Resources */,
				7D03393B1DDEB4A3001C48A8 /* LaunchScreen.storyboard in Resources */,
				7D3C5B7C1F6F65B60054964D /* adData.plist in Resources */,
				7D0339381DDEB4A3001C48A8 /* Assets.xcassets in Resources */,
				7D3C5B7D1F6F65B60054964D /* adData2.plist in Resources */,
				7D3C5B7F1F6F65B60054964D /* menu.plist in Resources */,
				7D0339361DDEB4A3001C48A8 /* Main.storyboard in Resources */,
			);
			runOnlyForDeploymentPostprocessing = 0;
		};
		7D03393F1DDEB4A3001C48A8 /* Resources */ = {
			isa = PBXResourcesBuildPhase;
			buildActionMask = 2147483647;
			files = (
			);
			runOnlyForDeploymentPostprocessing = 0;
		};
		7D03394A1DDEB4A3001C48A8 /* Resources */ = {
			isa = PBXResourcesBuildPhase;
			buildActionMask = 2147483647;
			files = (
			);
			runOnlyForDeploymentPostprocessing = 0;
		};
/* End PBXResourcesBuildPhase section */

/* Begin PBXShellScriptBuildPhase section */
		8022B6D7F08C6584C97D45FF /* [CP] Embed Pods Frameworks */ = {
			isa = PBXShellScriptBuildPhase;
			buildActionMask = 2147483647;
			files = (
			);
			inputPaths = (
				"${SRCROOT}/Pods/Target Support Files/Pods-ZBNews/Pods-ZBNews-frameworks.sh",
				"${BUILT_PRODUCTS_DIR}/AFNetworking/AFNetworking.framework",
				"${BUILT_PRODUCTS_DIR}/FMDB/FMDB.framework",
				"${BUILT_PRODUCTS_DIR}/FSCalendar/FSCalendar.framework",
				"${BUILT_PRODUCTS_DIR}/MJRefresh/MJRefresh.framework",
				"${BUILT_PRODUCTS_DIR}/Masonry/Masonry.framework",
				"${BUILT_PRODUCTS_DIR}/ReactiveObjC/ReactiveObjC.framework",
				"${BUILT_PRODUCTS_DIR}/SDWebImage/SDWebImage.framework",
				"${BUILT_PRODUCTS_DIR}/VTMagic/VTMagic.framework",
			);
			name = "[CP] Embed Pods Frameworks";
			outputPaths = (
				"${TARGET_BUILD_DIR}/${FRAMEWORKS_FOLDER_PATH}/AFNetworking.framework",
				"${TARGET_BUILD_DIR}/${FRAMEWORKS_FOLDER_PATH}/FMDB.framework",
				"${TARGET_BUILD_DIR}/${FRAMEWORKS_FOLDER_PATH}/FSCalendar.framework",
				"${TARGET_BUILD_DIR}/${FRAMEWORKS_FOLDER_PATH}/MJRefresh.framework",
				"${TARGET_BUILD_DIR}/${FRAMEWORKS_FOLDER_PATH}/Masonry.framework",
				"${TARGET_BUILD_DIR}/${FRAMEWORKS_FOLDER_PATH}/ReactiveObjC.framework",
				"${TARGET_BUILD_DIR}/${FRAMEWORKS_FOLDER_PATH}/SDWebImage.framework",
				"${TARGET_BUILD_DIR}/${FRAMEWORKS_FOLDER_PATH}/VTMagic.framework",
			);
			runOnlyForDeploymentPostprocessing = 0;
			shellPath = /bin/sh;
			shellScript = "\"${SRCROOT}/Pods/Target Support Files/Pods-ZBNews/Pods-ZBNews-frameworks.sh\"\n";
			showEnvVarsInLog = 0;
		};
		A6105AFFE7621BFFAFE504FA /* [CP] Check Pods Manifest.lock */ = {
			isa = PBXShellScriptBuildPhase;
			buildActionMask = 2147483647;
			files = (
			);
			inputPaths = (
				"${PODS_PODFILE_DIR_PATH}/Podfile.lock",
				"${PODS_ROOT}/Manifest.lock",
			);
			name = "[CP] Check Pods Manifest.lock";
			outputPaths = (
				"$(DERIVED_FILE_DIR)/Pods-ZBNews-checkManifestLockResult.txt",
			);
			runOnlyForDeploymentPostprocessing = 0;
			shellPath = /bin/sh;
			shellScript = "diff \"${PODS_PODFILE_DIR_PATH}/Podfile.lock\" \"${PODS_ROOT}/Manifest.lock\" > /dev/null\nif [ $? != 0 ] ; then\n    # print error to STDERR\n    echo \"error: The sandbox is not in sync with the Podfile.lock. Run 'pod install' or update your CocoaPods installation.\" >&2\n    exit 1\nfi\n# This output is used by Xcode 'outputs' to avoid re-running this script phase.\necho \"SUCCESS\" > \"${SCRIPT_OUTPUT_FILE_0}\"\n";
			showEnvVarsInLog = 0;
		};
/* End PBXShellScriptBuildPhase section */

/* Begin PBXSourcesBuildPhase section */
		7D0339241DDEB4A3001C48A8 /* Sources */ = {
			isa = PBXSourcesBuildPhase;
			buildActionMask = 2147483647;
			files = (
				7D6B31F120D0C8C600199CEE /* RACChannelSecondCell.m in Sources */,
				7D2346EF20CF921500147762 /* BaseViewModel.m in Sources */,
				7D2FFCCC20D2460D00F1CC86 /* MenuInfo.m in Sources */,
				7D0339331DDEB4A3001C48A8 /* ViewController.m in Sources */,
				7D6B320620D0EE4C00199CEE /* DelegateChannelSecondCell.m in Sources */,
				7D2346ED20CF921500147762 /* BaseTableViewCell.m in Sources */,
				7D23474B20CF9D5300147762 /* MainViewController.m in Sources */,
				7D6B320320D0E70B00199CEE /* DelegateChannelFirstCell.m in Sources */,
				7D3C5B7E1F6F65B60054964D /* DataManager.m in Sources */,
				7DC3DD0C20B297D500D28882 /* NSString+ZBUTF8Encoding.m in Sources */,
				7D2346EE20CF921500147762 /* BaseViewController.m in Sources */,
				7D23477A20CFC70700147762 /* offlineViewController.m in Sources */,
				7D23475620CFA37700147762 /* MainViewModel.m in Sources */,
				7D9D22021F7FA8A800C8C067 /* ZBCacheManager.m in Sources */,
				7D6B31F420D0CA0800199CEE /* RACChannelViewModel.m in Sources */,
				7D2346EC20CF921500147762 /* BaseModel.m in Sources */,
				7D6B31EB20D0C86F00199CEE /* RACChannelModel.m in Sources */,
				7D23470420CF93C000147762 /* DetailViewController.m in Sources */,
				7D9D22041F7FA8A800C8C067 /* ZBRequestManager.m in Sources */,
				7D9D220C1F7FA8A800C8C067 /* ZBGlobalSettingsTool.m in Sources */,
				7D23477820CFC70700147762 /* DatabaseViewController.m in Sources */,
				7D6B320D20D0FA0100199CEE /* ZBDataBaseManager.m in Sources */,
				7D6B320020D0E6C300199CEE /* BaseCollectionViewCell.m in Sources */,
				7D6B31FA20D0CBE000199CEE /* DelegateChannelViewController.m in Sources */,
				7D23477B20CFC70700147762 /* CalendarViewController.m in Sources */,
				7D9D22051F7FA8A800C8C067 /* ZBURLRequest.m in Sources */,
				7D9D22031F7FA8A800C8C067 /* ZBRequestEngine.m in Sources */,
				7D6B31F720D0CB4300199CEE /* RACChannelViewController.m in Sources */,
				7D23478320CFD36B00147762 /* ZBSettingViewController.m in Sources */,
				7D9D21FC1F7FA8A800C8C067 /* NullSafe.m in Sources */,
				7D0339301DDEB4A3001C48A8 /* AppDelegate.m in Sources */,
				7D03392D1DDEB4A3001C48A8 /* main.m in Sources */,
				7D6B31EE20D0C89500199CEE /* RACChannelFirstCell.m in Sources */,
				7D6B31FD20D0CC1800199CEE /* DelegateChannelViewModel.m in Sources */,
				7D23473320CF940700147762 /* MeViewController.m in Sources */,
			);
			runOnlyForDeploymentPostprocessing = 0;
		};
		7D03393D1DDEB4A3001C48A8 /* Sources */ = {
			isa = PBXSourcesBuildPhase;
			buildActionMask = 2147483647;
			files = (
				7D0339461DDEB4A3001C48A8 /* ZBNewsTests.m in Sources */,
			);
			runOnlyForDeploymentPostprocessing = 0;
		};
		7D0339481DDEB4A3001C48A8 /* Sources */ = {
			isa = PBXSourcesBuildPhase;
			buildActionMask = 2147483647;
			files = (
				7D0339511DDEB4A3001C48A8 /* ZBNewsUITests.m in Sources */,
			);
			runOnlyForDeploymentPostprocessing = 0;
		};
/* End PBXSourcesBuildPhase section */

/* Begin PBXTargetDependency section */
		7D0339431DDEB4A3001C48A8 /* PBXTargetDependency */ = {
			isa = PBXTargetDependency;
			target = 7D0339271DDEB4A3001C48A8 /* ZBNews */;
			targetProxy = 7D0339421DDEB4A3001C48A8 /* PBXContainerItemProxy */;
		};
		7D03394E1DDEB4A3001C48A8 /* PBXTargetDependency */ = {
			isa = PBXTargetDependency;
			target = 7D0339271DDEB4A3001C48A8 /* ZBNews */;
			targetProxy = 7D03394D1DDEB4A3001C48A8 /* PBXContainerItemProxy */;
		};
/* End PBXTargetDependency section */

/* Begin PBXVariantGroup section */
		7D0339341DDEB4A3001C48A8 /* Main.storyboard */ = {
			isa = PBXVariantGroup;
			children = (
				7D0339351DDEB4A3001C48A8 /* Base */,
			);
			name = Main.storyboard;
			sourceTree = "<group>";
		};
		7D0339391DDEB4A3001C48A8 /* LaunchScreen.storyboard */ = {
			isa = PBXVariantGroup;
			children = (
				7D03393A1DDEB4A3001C48A8 /* Base */,
			);
			name = LaunchScreen.storyboard;
			sourceTree = "<group>";
		};
		7D0339B01DDECB93001C48A8 /* Language.strings */ = {
			isa = PBXVariantGroup;
			children = (
				7D0339AF1DDECB93001C48A8 /* en */,
				7D0339B11DDECBB6001C48A8 /* zh-Hans */,
			);
			name = Language.strings;
			sourceTree = "<group>";
		};
/* End PBXVariantGroup section */

/* Begin XCBuildConfiguration section */
		7D0339531DDEB4A3001C48A8 /* Debug */ = {
			isa = XCBuildConfiguration;
			buildSettings = {
				ALWAYS_SEARCH_USER_PATHS = NO;
				CLANG_ANALYZER_LOCALIZABILITY_NONLOCALIZED = YES;
				CLANG_ANALYZER_NONNULL = YES;
				CLANG_CXX_LANGUAGE_STANDARD = "gnu++0x";
				CLANG_CXX_LIBRARY = "libc++";
				CLANG_ENABLE_MODULES = YES;
				CLANG_ENABLE_OBJC_ARC = YES;
				CLANG_WARN_BOOL_CONVERSION = YES;
				CLANG_WARN_CONSTANT_CONVERSION = YES;
				CLANG_WARN_DIRECT_OBJC_ISA_USAGE = YES_ERROR;
				CLANG_WARN_DOCUMENTATION_COMMENTS = YES;
				CLANG_WARN_EMPTY_BODY = YES;
				CLANG_WARN_ENUM_CONVERSION = YES;
				CLANG_WARN_INFINITE_RECURSION = YES;
				CLANG_WARN_INT_CONVERSION = YES;
				CLANG_WARN_OBJC_ROOT_CLASS = YES_ERROR;
				CLANG_WARN_SUSPICIOUS_MOVES = YES;
				CLANG_WARN_UNREACHABLE_CODE = YES;
				CLANG_WARN__DUPLICATE_METHOD_MATCH = YES;
				"CODE_SIGN_IDENTITY[sdk=iphoneos*]" = "iPhone Developer";
				COPY_PHASE_STRIP = NO;
				DEBUG_INFORMATION_FORMAT = dwarf;
				ENABLE_STRICT_OBJC_MSGSEND = YES;
				ENABLE_TESTABILITY = YES;
				GCC_C_LANGUAGE_STANDARD = gnu99;
				GCC_DYNAMIC_NO_PIC = NO;
				GCC_NO_COMMON_BLOCKS = YES;
				GCC_OPTIMIZATION_LEVEL = 0;
				GCC_PREPROCESSOR_DEFINITIONS = (
					"DEBUG=1",
					"$(inherited)",
				);
				GCC_WARN_64_TO_32_BIT_CONVERSION = YES;
				GCC_WARN_ABOUT_RETURN_TYPE = YES_ERROR;
				GCC_WARN_UNDECLARED_SELECTOR = YES;
				GCC_WARN_UNINITIALIZED_AUTOS = YES_AGGRESSIVE;
				GCC_WARN_UNUSED_FUNCTION = YES;
				GCC_WARN_UNUSED_VARIABLE = YES;
				IPHONEOS_DEPLOYMENT_TARGET = 8.0;
				MTL_ENABLE_DEBUG_INFO = YES;
				ONLY_ACTIVE_ARCH = YES;
				SDKROOT = iphoneos;
				TARGETED_DEVICE_FAMILY = "1,2";
			};
			name = Debug;
		};
		7D0339541DDEB4A3001C48A8 /* Release */ = {
			isa = XCBuildConfiguration;
			buildSettings = {
				ALWAYS_SEARCH_USER_PATHS = NO;
				CLANG_ANALYZER_LOCALIZABILITY_NONLOCALIZED = YES;
				CLANG_ANALYZER_NONNULL = YES;
				CLANG_CXX_LANGUAGE_STANDARD = "gnu++0x";
				CLANG_CXX_LIBRARY = "libc++";
				CLANG_ENABLE_MODULES = YES;
				CLANG_ENABLE_OBJC_ARC = YES;
				CLANG_WARN_BOOL_CONVERSION = YES;
				CLANG_WARN_CONSTANT_CONVERSION = YES;
				CLANG_WARN_DIRECT_OBJC_ISA_USAGE = YES_ERROR;
				CLANG_WARN_DOCUMENTATION_COMMENTS = YES;
				CLANG_WARN_EMPTY_BODY = YES;
				CLANG_WARN_ENUM_CONVERSION = YES;
				CLANG_WARN_INFINITE_RECURSION = YES;
				CLANG_WARN_INT_CONVERSION = YES;
				CLANG_WARN_OBJC_ROOT_CLASS = YES_ERROR;
				CLANG_WARN_SUSPICIOUS_MOVES = YES;
				CLANG_WARN_UNREACHABLE_CODE = YES;
				CLANG_WARN__DUPLICATE_METHOD_MATCH = YES;
				"CODE_SIGN_IDENTITY[sdk=iphoneos*]" = "iPhone Developer";
				COPY_PHASE_STRIP = NO;
				DEBUG_INFORMATION_FORMAT = "dwarf-with-dsym";
				ENABLE_NS_ASSERTIONS = NO;
				ENABLE_STRICT_OBJC_MSGSEND = YES;
				GCC_C_LANGUAGE_STANDARD = gnu99;
				GCC_NO_COMMON_BLOCKS = YES;
				GCC_WARN_64_TO_32_BIT_CONVERSION = YES;
				GCC_WARN_ABOUT_RETURN_TYPE = YES_ERROR;
				GCC_WARN_UNDECLARED_SELECTOR = YES;
				GCC_WARN_UNINITIALIZED_AUTOS = YES_AGGRESSIVE;
				GCC_WARN_UNUSED_FUNCTION = YES;
				GCC_WARN_UNUSED_VARIABLE = YES;
				IPHONEOS_DEPLOYMENT_TARGET = 8.0;
				MTL_ENABLE_DEBUG_INFO = NO;
				SDKROOT = iphoneos;
				TARGETED_DEVICE_FAMILY = "1,2";
				VALIDATE_PRODUCT = YES;
			};
			name = Release;
		};
		7D0339561DDEB4A3001C48A8 /* Debug */ = {
			isa = XCBuildConfiguration;
			baseConfigurationReference = 607ED2848F8D2817B0C3B867 /* Pods-ZBNews.debug.xcconfig */;
			buildSettings = {
				ASSETCATALOG_COMPILER_APPICON_NAME = AppIcon;
				INFOPLIST_FILE = ZBNews/Info.plist;
				IPHONEOS_DEPLOYMENT_TARGET = 8.0;
				LD_RUNPATH_SEARCH_PATHS = "$(inherited) @executable_path/Frameworks";
				PRODUCT_BUNDLE_IDENTIFIER = "github.com-Suzhibin.ZBNews";
				PRODUCT_NAME = "$(TARGET_NAME)";
			};
			name = Debug;
		};
		7D0339571DDEB4A3001C48A8 /* Release */ = {
			isa = XCBuildConfiguration;
			baseConfigurationReference = 9EE67E6D7E38D28153EFE933 /* Pods-ZBNews.release.xcconfig */;
			buildSettings = {
				ASSETCATALOG_COMPILER_APPICON_NAME = AppIcon;
				INFOPLIST_FILE = ZBNews/Info.plist;
				IPHONEOS_DEPLOYMENT_TARGET = 8.0;
				LD_RUNPATH_SEARCH_PATHS = "$(inherited) @executable_path/Frameworks";
				PRODUCT_BUNDLE_IDENTIFIER = "github.com-Suzhibin.ZBNews";
				PRODUCT_NAME = "$(TARGET_NAME)";
			};
			name = Release;
		};
		7D0339591DDEB4A3001C48A8 /* Debug */ = {
			isa = XCBuildConfiguration;
			buildSettings = {
				BUNDLE_LOADER = "$(TEST_HOST)";
				INFOPLIST_FILE = ZBNewsTests/Info.plist;
				LD_RUNPATH_SEARCH_PATHS = "$(inherited) @executable_path/Frameworks @loader_path/Frameworks";
				PRODUCT_BUNDLE_IDENTIFIER = "github.com-Suzhibin.ZBNewsTests";
				PRODUCT_NAME = "$(TARGET_NAME)";
				TEST_HOST = "$(BUILT_PRODUCTS_DIR)/ZBNews.app/ZBNews";
			};
			name = Debug;
		};
		7D03395A1DDEB4A3001C48A8 /* Release */ = {
			isa = XCBuildConfiguration;
			buildSettings = {
				BUNDLE_LOADER = "$(TEST_HOST)";
				INFOPLIST_FILE = ZBNewsTests/Info.plist;
				LD_RUNPATH_SEARCH_PATHS = "$(inherited) @executable_path/Frameworks @loader_path/Frameworks";
				PRODUCT_BUNDLE_IDENTIFIER = "github.com-Suzhibin.ZBNewsTests";
				PRODUCT_NAME = "$(TARGET_NAME)";
				TEST_HOST = "$(BUILT_PRODUCTS_DIR)/ZBNews.app/ZBNews";
			};
			name = Release;
		};
		7D03395C1DDEB4A3001C48A8 /* Debug */ = {
			isa = XCBuildConfiguration;
			buildSettings = {
				INFOPLIST_FILE = ZBNewsUITests/Info.plist;
				LD_RUNPATH_SEARCH_PATHS = "$(inherited) @executable_path/Frameworks @loader_path/Frameworks";
				PRODUCT_BUNDLE_IDENTIFIER = "github.com-Suzhibin.ZBNewsUITests";
				PRODUCT_NAME = "$(TARGET_NAME)";
				TEST_TARGET_NAME = ZBNews;
			};
			name = Debug;
		};
		7D03395D1DDEB4A3001C48A8 /* Release */ = {
			isa = XCBuildConfiguration;
			buildSettings = {
				INFOPLIST_FILE = ZBNewsUITests/Info.plist;
				LD_RUNPATH_SEARCH_PATHS = "$(inherited) @executable_path/Frameworks @loader_path/Frameworks";
				PRODUCT_BUNDLE_IDENTIFIER = "github.com-Suzhibin.ZBNewsUITests";
				PRODUCT_NAME = "$(TARGET_NAME)";
				TEST_TARGET_NAME = ZBNews;
			};
			name = Release;
		};
/* End XCBuildConfiguration section */

/* Begin XCConfigurationList section */
		7D0339231DDEB4A3001C48A8 /* Build configuration list for PBXProject "ZBNews" */ = {
			isa = XCConfigurationList;
			buildConfigurations = (
				7D0339531DDEB4A3001C48A8 /* Debug */,
				7D0339541DDEB4A3001C48A8 /* Release */,
			);
			defaultConfigurationIsVisible = 0;
			defaultConfigurationName = Release;
		};
		7D0339551DDEB4A3001C48A8 /* Build configuration list for PBXNativeTarget "ZBNews" */ = {
			isa = XCConfigurationList;
			buildConfigurations = (
				7D0339561DDEB4A3001C48A8 /* Debug */,
				7D0339571DDEB4A3001C48A8 /* Release */,
			);
			defaultConfigurationIsVisible = 0;
			defaultConfigurationName = Release;
		};
		7D0339581DDEB4A3001C48A8 /* Build configuration list for PBXNativeTarget "ZBNewsTests" */ = {
			isa = XCConfigurationList;
			buildConfigurations = (
				7D0339591DDEB4A3001C48A8 /* Debug */,
				7D03395A1DDEB4A3001C48A8 /* Release */,
			);
			defaultConfigurationIsVisible = 0;
			defaultConfigurationName = Release;
		};
		7D03395B1DDEB4A3001C48A8 /* Build configuration list for PBXNativeTarget "ZBNewsUITests" */ = {
			isa = XCConfigurationList;
			buildConfigurations = (
				7D03395C1DDEB4A3001C48A8 /* Debug */,
				7D03395D1DDEB4A3001C48A8 /* Release */,
			);
			defaultConfigurationIsVisible = 0;
			defaultConfigurationName = Release;
		};
/* End XCConfigurationList section */
	};
	rootObject = 7D0339201DDEB4A3001C48A8 /* Project object */;
}
